// !$*UTF8*$!
{
	archiveVersion = 1;
	classes = {
	};
	objectVersion = 50;
	objects = {

/* Begin PBXBuildFile section */
		80E59C4E248446B90023CA2D /* AppDelegate.swift in Sources */ = {isa = PBXBuildFile; fileRef = 80E59C4D248446B90023CA2D /* AppDelegate.swift */; };
		80E59C50248446B90023CA2D /* SceneDelegate.swift in Sources */ = {isa = PBXBuildFile; fileRef = 80E59C4F248446B90023CA2D /* SceneDelegate.swift */; };
		80E59C52248446B90023CA2D /* ViewController.swift in Sources */ = {isa = PBXBuildFile; fileRef = 80E59C51248446B90023CA2D /* ViewController.swift */; };
		80E59C55248446B90023CA2D /* Main.storyboard in Resources */ = {isa = PBXBuildFile; fileRef = 80E59C53248446B90023CA2D /* Main.storyboard */; };
		80E59C57248446BC0023CA2D /* Assets.xcassets in Resources */ = {isa = PBXBuildFile; fileRef = 80E59C56248446BC0023CA2D /* Assets.xcassets */; };
		80E59C5A248446BC0023CA2D /* LaunchScreen.storyboard in Resources */ = {isa = PBXBuildFile; fileRef = 80E59C58248446BC0023CA2D /* LaunchScreen.storyboard */; };
		80E59C65248446BC0023CA2D /* CelatoFashionTests.swift in Sources */ = {isa = PBXBuildFile; fileRef = 80E59C64248446BC0023CA2D /* CelatoFashionTests.swift */; };
		80E59C70248446BC0023CA2D /* CelatoFashionUITests.swift in Sources */ = {isa = PBXBuildFile; fileRef = 80E59C6F248446BC0023CA2D /* CelatoFashionUITests.swift */; };
/* End PBXBuildFile section */

/* Begin PBXContainerItemProxy section */
		80E59C61248446BC0023CA2D /* PBXContainerItemProxy */ = {
			isa = PBXContainerItemProxy;
			containerPortal = 80E59C42248446B90023CA2D /* Project object */;
			proxyType = 1;
			remoteGlobalIDString = 80E59C49248446B90023CA2D;
			remoteInfo = CelatoFashion;
		};
		80E59C6C248446BC0023CA2D /* PBXContainerItemProxy */ = {
			isa = PBXContainerItemProxy;
			containerPortal = 80E59C42248446B90023CA2D /* Project object */;
			proxyType = 1;
			remoteGlobalIDString = 80E59C49248446B90023CA2D;
			remoteInfo = CelatoFashion;
		};
/* End PBXContainerItemProxy section */

/* Begin PBXFileReference section */
		80E59C4A248446B90023CA2D /* CelatoFashion.app */ = {isa = PBXFileReference; explicitFileType = wrapper.application; includeInIndex = 0; path = CelatoFashion.app; sourceTree = BUILT_PRODUCTS_DIR; };
		80E59C4D248446B90023CA2D /* AppDelegate.swift */ = {isa = PBXFileReference; lastKnownFileType = sourcecode.swift; path = AppDelegate.swift; sourceTree = "<group>"; };
		80E59C4F248446B90023CA2D /* SceneDelegate.swift */ = {isa = PBXFileReference; lastKnownFileType = sourcecode.swift; path = SceneDelegate.swift; sourceTree = "<group>"; };
		80E59C51248446B90023CA2D /* ViewController.swift */ = {isa = PBXFileReference; lastKnownFileType = sourcecode.swift; path = ViewController.swift; sourceTree = "<group>"; };
		80E59C54248446B90023CA2D /* Base */ = {isa = PBXFileReference; lastKnownFileType = file.storyboard; name = Base; path = Base.lproj/Main.storyboard; sourceTree = "<group>"; };
		80E59C56248446BC0023CA2D /* Assets.xcassets */ = {isa = PBXFileReference; lastKnownFileType = folder.assetcatalog; path = Assets.xcassets; sourceTree = "<group>"; };
		80E59C59248446BC0023CA2D /* Base */ = {isa = PBXFileReference; lastKnownFileType = file.storyboard; name = Base; path = Base.lproj/LaunchScreen.storyboard; sourceTree = "<group>"; };
		80E59C5B248446BC0023CA2D /* Info.plist */ = {isa = PBXFileReference; lastKnownFileType = text.plist.xml; path = Info.plist; sourceTree = "<group>"; };
		80E59C60248446BC0023CA2D /* CelatoFashionTests.xctest */ = {isa = PBXFileReference; explicitFileType = wrapper.cfbundle; includeInIndex = 0; path = CelatoFashionTests.xctest; sourceTree = BUILT_PRODUCTS_DIR; };
		80E59C64248446BC0023CA2D /* CelatoFashionTests.swift */ = {isa = PBXFileReference; lastKnownFileType = sourcecode.swift; path = CelatoFashionTests.swift; sourceTree = "<group>"; };
		80E59C66248446BC0023CA2D /* Info.plist */ = {isa = PBXFileReference; lastKnownFileType = text.plist.xml; path = Info.plist; sourceTree = "<group>"; };
		80E59C6B248446BC0023CA2D /* CelatoFashionUITests.xctest */ = {isa = PBXFileReference; explicitFileType = wrapper.cfbundle; includeInIndex = 0; path = CelatoFashionUITests.xctest; sourceTree = BUILT_PRODUCTS_DIR; };
		80E59C6F248446BC0023CA2D /* CelatoFashionUITests.swift */ = {isa = PBXFileReference; lastKnownFileType = sourcecode.swift; path = CelatoFashionUITests.swift; sourceTree = "<group>"; };
		80E59C71248446BC0023CA2D /* Info.plist */ = {isa = PBXFileReference; lastKnownFileType = text.plist.xml; path = Info.plist; sourceTree = "<group>"; };
/* End PBXFileReference section */

/* Begin PBXFrameworksBuildPhase section */
		80E59C47248446B90023CA2D /* Frameworks */ = {
			isa = PBXFrameworksBuildPhase;
			buildActionMask = 2147483647;
			files = (
			);
			runOnlyForDeploymentPostprocessing = 0;
		};
		80E59C5D248446BC0023CA2D /* Frameworks */ = {
			isa = PBXFrameworksBuildPhase;
			buildActionMask = 2147483647;
			files = (
			);
			runOnlyForDeploymentPostprocessing = 0;
		};
		80E59C68248446BC0023CA2D /* Frameworks */ = {
			isa = PBXFrameworksBuildPhase;
			buildActionMask = 2147483647;
			files = (
			);
			runOnlyForDeploymentPostprocessing = 0;
		};
/* End PBXFrameworksBuildPhase section */

/* Begin PBXGroup section */
		80E59C41248446B90023CA2D = {
			isa = PBXGroup;
			children = (
				80E59C4C248446B90023CA2D /* CelatoFashion */,
				80E59C63248446BC0023CA2D /* CelatoFashionTests */,
				80E59C6E248446BC0023CA2D /* CelatoFashionUITests */,
				80E59C4B248446B90023CA2D /* Products */,
			);
			sourceTree = "<group>";
		};
		80E59C4B248446B90023CA2D /* Products */ = {
			isa = PBXGroup;
			children = (
				80E59C4A248446B90023CA2D /* CelatoFashion.app */,
				80E59C60248446BC0023CA2D /* CelatoFashionTests.xctest */,
				80E59C6B248446BC0023CA2D /* CelatoFashionUITests.xctest */,
			);
			name = Products;
			sourceTree = "<group>";
		};
		80E59C4C248446B90023CA2D /* CelatoFashion */ = {
			isa = PBXGroup;
			children = (
				80E59C4D248446B90023CA2D /* AppDelegate.swift */,
				80E59C4F248446B90023CA2D /* SceneDelegate.swift */,
				80E59C51248446B90023CA2D /* ViewController.swift */,
				80E59C53248446B90023CA2D /* Main.storyboard */,
				80E59C56248446BC0023CA2D /* Assets.xcassets */,
				80E59C58248446BC0023CA2D /* LaunchScreen.storyboard */,
				80E59C5B248446BC0023CA2D /* Info.plist */,
			);
			path = CelatoFashion;
			sourceTree = "<group>";
		};
		80E59C63248446BC0023CA2D /* CelatoFashionTests */ = {
			isa = PBXGroup;
			children = (
				80E59C64248446BC0023CA2D /* CelatoFashionTests.swift */,
				80E59C66248446BC0023CA2D /* Info.plist */,
			);
			path = CelatoFashionTests;
			sourceTree = "<group>";
		};
		80E59C6E248446BC0023CA2D /* CelatoFashionUITests */ = {
			isa = PBXGroup;
			children = (
				80E59C6F248446BC0023CA2D /* CelatoFashionUITests.swift */,
				80E59C71248446BC0023CA2D /* Info.plist */,
			);
			path = CelatoFashionUITests;
			sourceTree = "<group>";
		};
/* End PBXGroup section */

/* Begin PBXNativeTarget section */
		80E59C49248446B90023CA2D /* CelatoFashion */ = {
			isa = PBXNativeTarget;
			buildConfigurationList = 80E59C74248446BC0023CA2D /* Build configuration list for PBXNativeTarget "CelatoFashion" */;
			buildPhases = (
				80E59C46248446B90023CA2D /* Sources */,
				80E59C47248446B90023CA2D /* Frameworks */,
				80E59C48248446B90023CA2D /* Resources */,
			);
			buildRules = (
			);
			dependencies = (
			);
			name = CelatoFashion;
			productName = CelatoFashion;
			productReference = 80E59C4A248446B90023CA2D /* CelatoFashion.app */;
			productType = "com.apple.product-type.application";
		};
		80E59C5F248446BC0023CA2D /* CelatoFashionTests */ = {
			isa = PBXNativeTarget;
			buildConfigurationList = 80E59C77248446BC0023CA2D /* Build configuration list for PBXNativeTarget "CelatoFashionTests" */;
			buildPhases = (
				80E59C5C248446BC0023CA2D /* Sources */,
				80E59C5D248446BC0023CA2D /* Frameworks */,
				80E59C5E248446BC0023CA2D /* Resources */,
			);
			buildRules = (
			);
			dependencies = (
				80E59C62248446BC0023CA2D /* PBXTargetDependency */,
			);
			name = CelatoFashionTests;
			productName = CelatoFashionTests;
			productReference = 80E59C60248446BC0023CA2D /* CelatoFashionTests.xctest */;
			productType = "com.apple.product-type.bundle.unit-test";
		};
		80E59C6A248446BC0023CA2D /* CelatoFashionUITests */ = {
			isa = PBXNativeTarget;
			buildConfigurationList = 80E59C7A248446BC0023CA2D /* Build configuration list for PBXNativeTarget "CelatoFashionUITests" */;
			buildPhases = (
				80E59C67248446BC0023CA2D /* Sources */,
				80E59C68248446BC0023CA2D /* Frameworks */,
				80E59C69248446BC0023CA2D /* Resources */,
			);
			buildRules = (
			);
			dependencies = (
				80E59C6D248446BC0023CA2D /* PBXTargetDependency */,
			);
			name = CelatoFashionUITests;
			productName = CelatoFashionUITests;
			productReference = 80E59C6B248446BC0023CA2D /* CelatoFashionUITests.xctest */;
			productType = "com.apple.product-type.bundle.ui-testing";
		};
/* End PBXNativeTarget section */

/* Begin PBXProject section */
		80E59C42248446B90023CA2D /* Project object */ = {
			isa = PBXProject;
			attributes = {
				LastSwiftUpdateCheck = 1140;
				LastUpgradeCheck = 1140;
				ORGANIZATIONNAME = Demet;
				TargetAttributes = {
					80E59C49248446B90023CA2D = {
						CreatedOnToolsVersion = 11.4;
					};
					80E59C5F248446BC0023CA2D = {
						CreatedOnToolsVersion = 11.4;
						TestTargetID = 80E59C49248446B90023CA2D;
					};
					80E59C6A248446BC0023CA2D = {
						CreatedOnToolsVersion = 11.4;
						TestTargetID = 80E59C49248446B90023CA2D;
					};
				};
			};
			buildConfigurationList = 80E59C45248446B90023CA2D /* Build configuration list for PBXProject "CelatoFashion" */;
			compatibilityVersion = "Xcode 9.3";
			developmentRegion = en;
			hasScannedForEncodings = 0;
			knownRegions = (
				en,
				Base,
			);
			mainGroup = 80E59C41248446B90023CA2D;
			productRefGroup = 80E59C4B248446B90023CA2D /* Products */;
			projectDirPath = "";
			projectRoot = "";
			targets = (
				80E59C49248446B90023CA2D /* CelatoFashion */,
				80E59C5F248446BC0023CA2D /* CelatoFashionTests */,
				80E59C6A248446BC0023CA2D /* CelatoFashionUITests */,
			);
		};
/* End PBXProject section */

/* Begin PBXResourcesBuildPhase section */
		80E59C48248446B90023CA2D /* Resources */ = {
			isa = PBXResourcesBuildPhase;
			buildActionMask = 2147483647;
			files = (
				80E59C5A248446BC0023CA2D /* LaunchScreen.storyboard in Resources */,
				80E59C57248446BC0023CA2D /* Assets.xcassets in Resources */,
				80E59C55248446B90023CA2D /* Main.storyboard in Resources */,
			);
			runOnlyForDeploymentPostprocessing = 0;
		};
		80E59C5E248446BC0023CA2D /* Resources */ = {
			isa = PBXResourcesBuildPhase;
			buildActionMask = 2147483647;
			files = (
			);
			runOnlyForDeploymentPostprocessing = 0;
		};
		80E59C69248446BC0023CA2D /* Resources */ = {
			isa = PBXResourcesBuildPhase;
			buildActionMask = 2147483647;
			files = (
			);
			runOnlyForDeploymentPostprocessing = 0;
		};
/* End PBXResourcesBuildPhase section */

/* Begin PBXSourcesBuildPhase section */
		80E59C46248446B90023CA2D /* Sources */ = {
			isa = PBXSourcesBuildPhase;
			buildActionMask = 2147483647;
			files = (
				80E59C52248446B90023CA2D /* ViewController.swift in Sources */,
				80E59C4E248446B90023CA2D /* AppDelegate.swift in Sources */,
				80E59C50248446B90023CA2D /* SceneDelegate.swift in Sources */,
			);
			runOnlyForDeploymentPostprocessing = 0;
		};
		80E59C5C248446BC0023CA2D /* Sources */ = {
			isa = PBXSourcesBuildPhase;
			buildActionMask = 2147483647;
			files = (
				80E59C65248446BC0023CA2D /* CelatoFashionTests.swift in Sources */,
			);
			runOnlyForDeploymentPostprocessing = 0;
		};
		80E59C67248446BC0023CA2D /* Sources */ = {
			isa = PBXSourcesBuildPhase;
			buildActionMask = 2147483647;
			files = (
				80E59C70248446BC0023CA2D /* CelatoFashionUITests.swift in Sources */,
			);
			runOnlyForDeploymentPostprocessing = 0;
		};
/* End PBXSourcesBuildPhase section */

/* Begin PBXTargetDependency section */
		80E59C62248446BC0023CA2D /* PBXTargetDependency */ = {
			isa = PBXTargetDependency;
			target = 80E59C49248446B90023CA2D /* CelatoFashion */;
			targetProxy = 80E59C61248446BC0023CA2D /* PBXContainerItemProxy */;
		};
		80E59C6D248446BC0023CA2D /* PBXTargetDependency */ = {
			isa = PBXTargetDependency;
			target = 80E59C49248446B90023CA2D /* CelatoFashion */;
			targetProxy = 80E59C6C248446BC0023CA2D /* PBXContainerItemProxy */;
		};
/* End PBXTargetDependency section */

/* Begin PBXVariantGroup section */
		80E59C53248446B90023CA2D /* Main.storyboard */ = {
			isa = PBXVariantGroup;
			children = (
				80E59C54248446B90023CA2D /* Base */,
			);
			name = Main.storyboard;
			sourceTree = "<group>";
		};
		80E59C58248446BC0023CA2D /* LaunchScreen.storyboard */ = {
			isa = PBXVariantGroup;
			children = (
				80E59C59248446BC0023CA2D /* Base */,
			);
			name = LaunchScreen.storyboard;
			sourceTree = "<group>";
		};
/* End PBXVariantGroup section */

/* Begin XCBuildConfiguration section */
		80E59C72248446BC0023CA2D /* Debug */ = {
			isa = XCBuildConfiguration;
			buildSettings = {
				ALWAYS_SEARCH_USER_PATHS = NO;
				CLANG_ANALYZER_NONNULL = YES;
				CLANG_ANALYZER_NUMBER_OBJECT_CONVERSION = YES_AGGRESSIVE;
				CLANG_CXX_LANGUAGE_STANDARD = "gnu++14";
				CLANG_CXX_LIBRARY = "libc++";
				CLANG_ENABLE_MODULES = YES;
				CLANG_ENABLE_OBJC_ARC = YES;
				CLANG_ENABLE_OBJC_WEAK = YES;
				CLANG_WARN_BLOCK_CAPTURE_AUTORELEASING = YES;
				CLANG_WARN_BOOL_CONVERSION = YES;
				CLANG_WARN_COMMA = YES;
				CLANG_WARN_CONSTANT_CONVERSION = YES;
				CLANG_WARN_DEPRECATED_OBJC_IMPLEMENTATIONS = YES;
				CLANG_WARN_DIRECT_OBJC_ISA_USAGE = YES_ERROR;
				CLANG_WARN_DOCUMENTATION_COMMENTS = YES;
				CLANG_WARN_EMPTY_BODY = YES;
				CLANG_WARN_ENUM_CONVERSION = YES;
				CLANG_WARN_INFINITE_RECURSION = YES;
				CLANG_WARN_INT_CONVERSION = YES;
				CLANG_WARN_NON_LITERAL_NULL_CONVERSION = YES;
				CLANG_WARN_OBJC_IMPLICIT_RETAIN_SELF = YES;
				CLANG_WARN_OBJC_LITERAL_CONVERSION = YES;
				CLANG_WARN_OBJC_ROOT_CLASS = YES_ERROR;
				CLANG_WARN_RANGE_LOOP_ANALYSIS = YES;
				CLANG_WARN_STRICT_PROTOTYPES = YES;
				CLANG_WARN_SUSPICIOUS_MOVE = YES;
				CLANG_WARN_UNGUARDED_AVAILABILITY = YES_AGGRESSIVE;
				CLANG_WARN_UNREACHABLE_CODE = YES;
				CLANG_WARN__DUPLICATE_METHOD_MATCH = YES;
				COPY_PHASE_STRIP = NO;
				DEBUG_INFORMATION_FORMAT = dwarf;
				ENABLE_STRICT_OBJC_MSGSEND = YES;
				ENABLE_TESTABILITY = YES;
				GCC_C_LANGUAGE_STANDARD = gnu11;
				GCC_DYNAMIC_NO_PIC = NO;
				GCC_NO_COMMON_BLOCKS = YES;
				GCC_OPTIMIZATION_LEVEL = 0;
				GCC_PREPROCESSOR_DEFINITIONS = (
					"DEBUG=1",
					"$(inherited)",
				);
				GCC_WARN_64_TO_32_BIT_CONVERSION = YES;
				GCC_WARN_ABOUT_RETURN_TYPE = YES_ERROR;
				GCC_WARN_UNDECLARED_SELECTOR = YES;
				GCC_WARN_UNINITIALIZED_AUTOS = YES_AGGRESSIVE;
				GCC_WARN_UNUSED_FUNCTION = YES;
				GCC_WARN_UNUSED_VARIABLE = YES;
				IPHONEOS_DEPLOYMENT_TARGET = 13.4;
				MTL_ENABLE_DEBUG_INFO = INCLUDE_SOURCE;
				MTL_FAST_MATH = YES;
				ONLY_ACTIVE_ARCH = YES;
				SDKROOT = iphoneos;
				SWIFT_ACTIVE_COMPILATION_CONDITIONS = DEBUG;
				SWIFT_OPTIMIZATION_LEVEL = "-Onone";
			};
			name = Debug;
		};
		80E59C73248446BC0023CA2D /* Release */ = {
			isa = XCBuildConfiguration;
			buildSettings = {
				ALWAYS_SEARCH_USER_PATHS = NO;
				CLANG_ANALYZER_NONNULL = YES;
				CLANG_ANALYZER_NUMBER_OBJECT_CONVERSION = YES_AGGRESSIVE;
				CLANG_CXX_LANGUAGE_STANDARD = "gnu++14";
				CLANG_CXX_LIBRARY = "libc++";
				CLANG_ENABLE_MODULES = YES;
				CLANG_ENABLE_OBJC_ARC = YES;
				CLANG_ENABLE_OBJC_WEAK = YES;
				CLANG_WARN_BLOCK_CAPTURE_AUTORELEASING = YES;
				CLANG_WARN_BOOL_CONVERSION = YES;
				CLANG_WARN_COMMA = YES;
				CLANG_WARN_CONSTANT_CONVERSION = YES;
				CLANG_WARN_DEPRECATED_OBJC_IMPLEMENTATIONS = YES;
				CLANG_WARN_DIRECT_OBJC_ISA_USAGE = YES_ERROR;
				CLANG_WARN_DOCUMENTATION_COMMENTS = YES;
				CLANG_WARN_EMPTY_BODY = YES;
				CLANG_WARN_ENUM_CONVERSION = YES;
				CLANG_WARN_INFINITE_RECURSION = YES;
				CLANG_WARN_INT_CONVERSION = YES;
				CLANG_WARN_NON_LITERAL_NULL_CONVERSION = YES;
				CLANG_WARN_OBJC_IMPLICIT_RETAIN_SELF = YES;
				CLANG_WARN_OBJC_LITERAL_CONVERSION = YES;
				CLANG_WARN_OBJC_ROOT_CLASS = YES_ERROR;
				CLANG_WARN_RANGE_LOOP_ANALYSIS = YES;
				CLANG_WARN_STRICT_PROTOTYPES = YES;
				CLANG_WARN_SUSPICIOUS_MOVE = YES;
				CLANG_WARN_UNGUARDED_AVAILABILITY = YES_AGGRESSIVE;
				CLANG_WARN_UNREACHABLE_CODE = YES;
				CLANG_WARN__DUPLICATE_METHOD_MATCH = YES;
				COPY_PHASE_STRIP = NO;
				DEBUG_INFORMATION_FORMAT = "dwarf-with-dsym";
				ENABLE_NS_ASSERTIONS = NO;
				ENABLE_STRICT_OBJC_MSGSEND = YES;
				GCC_C_LANGUAGE_STANDARD = gnu11;
				GCC_NO_COMMON_BLOCKS = YES;
				GCC_WARN_64_TO_32_BIT_CONVERSION = YES;
				GCC_WARN_ABOUT_RETURN_TYPE = YES_ERROR;
				GCC_WARN_UNDECLARED_SELECTOR = YES;
				GCC_WARN_UNINITIALIZED_AUTOS = YES_AGGRESSIVE;
				GCC_WARN_UNUSED_FUNCTION = YES;
				GCC_WARN_UNUSED_VARIABLE = YES;
				IPHONEOS_DEPLOYMENT_TARGET = 13.4;
				MTL_ENABLE_DEBUG_INFO = NO;
				MTL_FAST_MATH = YES;
				SDKROOT = iphoneos;
				SWIFT_COMPILATION_MODE = wholemodule;
				SWIFT_OPTIMIZATION_LEVEL = "-O";
				VALIDATE_PRODUCT = YES;
			};
			name = Release;
		};
		80E59C75248446BC0023CA2D /* Debug */ = {
			isa = XCBuildConfiguration;
			buildSettings = {
				ASSETCATALOG_COMPILER_APPICON_NAME = AppIcon;
				CODE_SIGN_STYLE = Automatic;
				INFOPLIST_FILE = CelatoFashion/Info.plist;
				LD_RUNPATH_SEARCH_PATHS = (
					"$(inherited)",
					"@executable_path/Frameworks",
				);
				PRODUCT_BUNDLE_IDENTIFIER = com.demetcaliskan.CelatoFashion;
				PRODUCT_NAME = "$(TARGET_NAME)";
				SWIFT_VERSION = 5.0;
				TARGETED_DEVICE_FAMILY = "1,2";
			};
			name = Debug;
		};
		80E59C76248446BC0023CA2D /* Release */ = {
			isa = XCBuildConfiguration;
			buildSettings = {
				ASSETCATALOG_COMPILER_APPICON_NAME = AppIcon;
				CODE_SIGN_STYLE = Automatic;
				INFOPLIST_FILE = CelatoFashion/Info.plist;
				LD_RUNPATH_SEARCH_PATHS = (
					"$(inherited)",
					"@executable_path/Frameworks",
				);
				PRODUCT_BUNDLE_IDENTIFIER = com.demetcaliskan.CelatoFashion;
				PRODUCT_NAME = "$(TARGET_NAME)";
				SWIFT_VERSION = 5.0;
				TARGETED_DEVICE_FAMILY = "1,2";
			};
			name = Release;
		};
		80E59C78248446BC0023CA2D /* Debug */ = {
			isa = XCBuildConfiguration;
			buildSettings = {
				ALWAYS_EMBED_SWIFT_STANDARD_LIBRARIES = YES;
				BUNDLE_LOADER = "$(TEST_HOST)";
				CODE_SIGN_STYLE = Automatic;
				INFOPLIST_FILE = CelatoFashionTests/Info.plist;
				IPHONEOS_DEPLOYMENT_TARGET = 13.4;
				LD_RUNPATH_SEARCH_PATHS = (
					"$(inherited)",
					"@executable_path/Frameworks",
					"@loader_path/Frameworks",
				);
				PRODUCT_BUNDLE_IDENTIFIER = com.demetcaliskan.CelatoFashionTests;
				PRODUCT_NAME = "$(TARGET_NAME)";
				SWIFT_VERSION = 5.0;
				TARGETED_DEVICE_FAMILY = "1,2";
				TEST_HOST = "$(BUILT_PRODUCTS_DIR)/CelatoFashion.app/CelatoFashion";
			};
			name = Debug;
		};
		80E59C79248446BC0023CA2D /* Release */ = {
			isa = XCBuildConfiguration;
			buildSettings = {
				ALWAYS_EMBED_SWIFT_STANDARD_LIBRARIES = YES;
				BUNDLE_LOADER = "$(TEST_HOST)";
				CODE_SIGN_STYLE = Automatic;
				INFOPLIST_FILE = CelatoFashionTests/Info.plist;
				IPHONEOS_DEPLOYMENT_TARGET = 13.4;
				LD_RUNPATH_SEARCH_PATHS = (
					"$(inherited)",
					"@executable_path/Frameworks",
					"@loader_path/Frameworks",
				);
				PRODUCT_BUNDLE_IDENTIFIER = com.demetcaliskan.CelatoFashionTests;
				PRODUCT_NAME = "$(TARGET_NAME)";
				SWIFT_VERSION = 5.0;
				TARGETED_DEVICE_FAMILY = "1,2";
				TEST_HOST = "$(BUILT_PRODUCTS_DIR)/CelatoFashion.app/CelatoFashion";
			};
			name = Release;
		};
		80E59C7B248446BC0023CA2D /* Debug */ = {
			isa = XCBuildConfiguration;
			buildSettings = {
				ALWAYS_EMBED_SWIFT_STANDARD_LIBRARIES = YES;
				CODE_SIGN_STYLE = Automatic;
				INFOPLIST_FILE = CelatoFashionUITests/Info.plist;
				LD_RUNPATH_SEARCH_PATHS = (
					"$(inherited)",
					"@executable_path/Frameworks",
					"@loader_path/Frameworks",
				);
				PRODUCT_BUNDLE_IDENTIFIER = com.demetcaliskan.CelatoFashionUITests;
				PRODUCT_NAME = "$(TARGET_NAME)";
				SWIFT_VERSION = 5.0;
				TARGETED_DEVICE_FAMILY = "1,2";
				TEST_TARGET_NAME = CelatoFashion;
			};
			name = Debug;
		};
		80E59C7C248446BC0023CA2D /* Release */ = {
			isa = XCBuildConfiguration;
			buildSettings = {
				ALWAYS_EMBED_SWIFT_STANDARD_LIBRARIES = YES;
				CODE_SIGN_STYLE = Automatic;
				INFOPLIST_FILE = CelatoFashionUITests/Info.plist;
				LD_RUNPATH_SEARCH_PATHS = (
					"$(inherited)",
					"@executable_path/Frameworks",
					"@loader_path/Frameworks",
				);
				PRODUCT_BUNDLE_IDENTIFIER = com.demetcaliskan.CelatoFashionUITests;
				PRODUCT_NAME = "$(TARGET_NAME)";
				SWIFT_VERSION = 5.0;
				TARGETED_DEVICE_FAMILY = "1,2";
				TEST_TARGET_NAME = CelatoFashion;
			};
			name = Release;
		};
/* End XCBuildConfiguration section */

/* Begin XCConfigurationList section */
		80E59C45248446B90023CA2D /* Build configuration list for PBXProject "CelatoFashion" */ = {
			isa = XCConfigurationList;
			buildConfigurations = (
				80E59C72248446BC0023CA2D /* Debug */,
				80E59C73248446BC0023CA2D /* Release */,
			);
			defaultConfigurationIsVisible = 0;
			defaultConfigurationName = Release;
		};
		80E59C74248446BC0023CA2D /* Build configuration list for PBXNativeTarget "CelatoFashion" */ = {
			isa = XCConfigurationList;
			buildConfigurations = (
				80E59C75248446BC0023CA2D /* Debug */,
				80E59C76248446BC0023CA2D /* Release */,
			);
			defaultConfigurationIsVisible = 0;
			defaultConfigurationName = Release;
		};
		80E59C77248446BC0023CA2D /* Build configuration list for PBXNativeTarget "CelatoFashionTests" */ = {
			isa = XCConfigurationList;
			buildConfigurations = (
				80E59C78248446BC0023CA2D /* Debug */,
				80E59C79248446BC0023CA2D /* Release */,
			);
			defaultConfigurationIsVisible = 0;
			defaultConfigurationName = Release;
		};
		80E59C7A248446BC0023CA2D /* Build configuration list for PBXNativeTarget "CelatoFashionUITests" */ = {
			isa = XCConfigurationList;
			buildConfigurations = (
				80E59C7B248446BC0023CA2D /* Debug */,
				80E59C7C248446BC0023CA2D /* Release */,
			);
			defaultConfigurationIsVisible = 0;
			defaultConfigurationName = Release;
		};
/* End XCConfigurationList section */
	};
	rootObject = 80E59C42248446B90023CA2D /* Project object */;
}
