// !$*UTF8*$!
{
	archiveVersion = 1;
	classes = {
	};
	objectVersion = 51;
	objects = {

/* Begin PBXBuildFile section */
		315066D90D6698FC756F422C /* Pods_CelatoFashion.framework in Frameworks */ = {isa = PBXBuildFile; fileRef = F9DA5152BE256185AF3A2E14 /* Pods_CelatoFashion.framework */; };
		6E00FC2B24CA3DE2004278DF /* PaymentMethodViewController.swift in Sources */ = {isa = PBXBuildFile; fileRef = 6E00FC2A24CA3DE2004278DF /* PaymentMethodViewController.swift */; };
		6E00FC2D24CA3E52004278DF /* UserInformationViewController.swift in Sources */ = {isa = PBXBuildFile; fileRef = 6E00FC2C24CA3E52004278DF /* UserInformationViewController.swift */; };
		6E3107FD24B939150014F298 /* ShowProductCollectionViewCell.swift in Sources */ = {isa = PBXBuildFile; fileRef = 6E3107FB24B939150014F298 /* ShowProductCollectionViewCell.swift */; };
		6E3107FE24B939150014F298 /* ShowProductCollectionViewCell.xib in Resources */ = {isa = PBXBuildFile; fileRef = 6E3107FC24B939150014F298 /* ShowProductCollectionViewCell.xib */; };
		6E3F638724B5063400C061B9 /* CategoryTableViewCell.swift in Sources */ = {isa = PBXBuildFile; fileRef = 6E3F638524B5063400C061B9 /* CategoryTableViewCell.swift */; };
		6E3F638824B5063400C061B9 /* CategoryTableViewCell.xib in Resources */ = {isa = PBXBuildFile; fileRef = 6E3F638624B5063400C061B9 /* CategoryTableViewCell.xib */; };
		6E4DCE9124D1CABF00850D4E /* AccountViewController.swift in Sources */ = {isa = PBXBuildFile; fileRef = 6E4DCE9024D1CABF00850D4E /* AccountViewController.swift */; };
		6E4DCE9324D1CB0500850D4E /* DetailedOrderViewController.swift in Sources */ = {isa = PBXBuildFile; fileRef = 6E4DCE9224D1CB0500850D4E /* DetailedOrderViewController.swift */; };
		6E4DCE9624D1CB4400850D4E /* OrderCollectionViewCell.swift in Sources */ = {isa = PBXBuildFile; fileRef = 6E4DCE9424D1CB4400850D4E /* OrderCollectionViewCell.swift */; };
		6E4DCE9724D1CB4400850D4E /* OrderCollectionViewCell.xib in Resources */ = {isa = PBXBuildFile; fileRef = 6E4DCE9524D1CB4400850D4E /* OrderCollectionViewCell.xib */; };
		6E4DCE9A24D1CB5800850D4E /* DetailedOrderCollectionViewCell.swift in Sources */ = {isa = PBXBuildFile; fileRef = 6E4DCE9824D1CB5800850D4E /* DetailedOrderCollectionViewCell.swift */; };
		6E4DCE9B24D1CB5800850D4E /* DetailedOrderCollectionViewCell.xib in Resources */ = {isa = PBXBuildFile; fileRef = 6E4DCE9924D1CB5800850D4E /* DetailedOrderCollectionViewCell.xib */; };
		6E4DCED924D1CC7900850D4E /* SF-Compact-Text-LightItalic.otf in Resources */ = {isa = PBXBuildFile; fileRef = 6E4DCE9D24D1CC7600850D4E /* SF-Compact-Text-LightItalic.otf */; };
		6E4DCEDA24D1CC7900850D4E /* SF-Pro-Display-HeavyItalic.otf in Resources */ = {isa = PBXBuildFile; fileRef = 6E4DCE9E24D1CC7600850D4E /* SF-Pro-Display-HeavyItalic.otf */; };
		6E4DCEDB24D1CC7900850D4E /* SF-Pro-Display-BlackItalic.otf in Resources */ = {isa = PBXBuildFile; fileRef = 6E4DCE9F24D1CC7600850D4E /* SF-Pro-Display-BlackItalic.otf */; };
		6E4DCEDC24D1CC7900850D4E /* SF-Compact-Text-Bold.otf in Resources */ = {isa = PBXBuildFile; fileRef = 6E4DCEA024D1CC7600850D4E /* SF-Compact-Text-Bold.otf */; };
		6E4DCEDD24D1CC7900850D4E /* SF-Compact-Text-HeavyItalic.otf in Resources */ = {isa = PBXBuildFile; fileRef = 6E4DCEA124D1CC7600850D4E /* SF-Compact-Text-HeavyItalic.otf */; };
		6E4DCEDE24D1CC7900850D4E /* SF-Compact-Text-Thin.otf in Resources */ = {isa = PBXBuildFile; fileRef = 6E4DCEA224D1CC7600850D4E /* SF-Compact-Text-Thin.otf */; };
		6E4DCEDF24D1CC7900850D4E /* SF-Compact-Text-Black.otf in Resources */ = {isa = PBXBuildFile; fileRef = 6E4DCEA324D1CC7600850D4E /* SF-Compact-Text-Black.otf */; };
		6E4DCEE024D1CC7900850D4E /* SF-Pro-Display-RegularItalic.otf in Resources */ = {isa = PBXBuildFile; fileRef = 6E4DCEA424D1CC7600850D4E /* SF-Pro-Display-RegularItalic.otf */; };
		6E4DCEE124D1CC7900850D4E /* SF-Compact-Rounded-Light.otf in Resources */ = {isa = PBXBuildFile; fileRef = 6E4DCEA524D1CC7600850D4E /* SF-Compact-Rounded-Light.otf */; };
		6E4DCEE224D1CC7900850D4E /* SF-Pro-Display-LightItalic.otf in Resources */ = {isa = PBXBuildFile; fileRef = 6E4DCEA624D1CC7600850D4E /* SF-Pro-Display-LightItalic.otf */; };
		6E4DCEE324D1CC7900850D4E /* SF-Compact-Display-Regular.otf in Resources */ = {isa = PBXBuildFile; fileRef = 6E4DCEA724D1CC7600850D4E /* SF-Compact-Display-Regular.otf */; };
		6E4DCEE424D1CC7900850D4E /* SF-Compact-Display-Semibold.otf in Resources */ = {isa = PBXBuildFile; fileRef = 6E4DCEA824D1CC7600850D4E /* SF-Compact-Display-Semibold.otf */; };
		6E4DCEE524D1CC7900850D4E /* SF-Compact-Display-Bold.otf in Resources */ = {isa = PBXBuildFile; fileRef = 6E4DCEA924D1CC7600850D4E /* SF-Compact-Display-Bold.otf */; };
		6E4DCEE624D1CC7900850D4E /* SF-Pro-Rounded-Regular.otf in Resources */ = {isa = PBXBuildFile; fileRef = 6E4DCEAA24D1CC7600850D4E /* SF-Pro-Rounded-Regular.otf */; };
		6E4DCEE724D1CC7900850D4E /* SF-Compact-Display-Light.otf in Resources */ = {isa = PBXBuildFile; fileRef = 6E4DCEAB24D1CC7600850D4E /* SF-Compact-Display-Light.otf */; };
		6E4DCEE824D1CC7900850D4E /* SF-Pro-Display-MediumItalic.otf in Resources */ = {isa = PBXBuildFile; fileRef = 6E4DCEAC24D1CC7600850D4E /* SF-Pro-Display-MediumItalic.otf */; };
		6E4DCEE924D1CC7900850D4E /* SF-Compact-Text-Semibold.otf in Resources */ = {isa = PBXBuildFile; fileRef = 6E4DCEAD24D1CC7600850D4E /* SF-Compact-Text-Semibold.otf */; };
		6E4DCEEA24D1CC7900850D4E /* SF-Compact-Rounded-Medium.otf in Resources */ = {isa = PBXBuildFile; fileRef = 6E4DCEAE24D1CC7600850D4E /* SF-Compact-Rounded-Medium.otf */; };
		6E4DCEEB24D1CC7900850D4E /* SF-Pro-Rounded-Black.otf in Resources */ = {isa = PBXBuildFile; fileRef = 6E4DCEAF24D1CC7700850D4E /* SF-Pro-Rounded-Black.otf */; };
		6E4DCEEC24D1CC7900850D4E /* SF-Pro-Rounded-Bold.otf in Resources */ = {isa = PBXBuildFile; fileRef = 6E4DCEB024D1CC7700850D4E /* SF-Pro-Rounded-Bold.otf */; };
		6E4DCEED24D1CC7900850D4E /* SF-Compact-Rounded-Regular.otf in Resources */ = {isa = PBXBuildFile; fileRef = 6E4DCEB124D1CC7700850D4E /* SF-Compact-Rounded-Regular.otf */; };
		6E4DCEEE24D1CC7900850D4E /* SF-Pro-Display-Ultralight.otf in Resources */ = {isa = PBXBuildFile; fileRef = 6E4DCEB224D1CC7700850D4E /* SF-Pro-Display-Ultralight.otf */; };
		6E4DCEEF24D1CC7900850D4E /* SF-Compact-Display-Black.otf in Resources */ = {isa = PBXBuildFile; fileRef = 6E4DCEB324D1CC7700850D4E /* SF-Compact-Display-Black.otf */; };
		6E4DCEF024D1CC7900850D4E /* SF-Pro-Display-Thin.otf in Resources */ = {isa = PBXBuildFile; fileRef = 6E4DCEB424D1CC7700850D4E /* SF-Pro-Display-Thin.otf */; };
		6E4DCEF124D1CC7900850D4E /* SF-Compact-Text-BlackItalic.otf in Resources */ = {isa = PBXBuildFile; fileRef = 6E4DCEB524D1CC7700850D4E /* SF-Compact-Text-BlackItalic.otf */; };
		6E4DCEF224D1CC7900850D4E /* SF-Pro-Rounded-Light.otf in Resources */ = {isa = PBXBuildFile; fileRef = 6E4DCEB624D1CC7700850D4E /* SF-Pro-Rounded-Light.otf */; };
		6E4DCEF324D1CC7900850D4E /* SF-Pro-Display-Light.otf in Resources */ = {isa = PBXBuildFile; fileRef = 6E4DCEB724D1CC7700850D4E /* SF-Pro-Display-Light.otf */; };
		6E4DCEF424D1CC7900850D4E /* SF-Pro-Display-UltralightItalic.otf in Resources */ = {isa = PBXBuildFile; fileRef = 6E4DCEB824D1CC7700850D4E /* SF-Pro-Display-UltralightItalic.otf */; };
		6E4DCEF524D1CC7900850D4E /* SF-Compact-Display-Thin.otf in Resources */ = {isa = PBXBuildFile; fileRef = 6E4DCEB924D1CC7700850D4E /* SF-Compact-Display-Thin.otf */; };
		6E4DCEF624D1CC7900850D4E /* SF-Compact-Display-Heavy.otf in Resources */ = {isa = PBXBuildFile; fileRef = 6E4DCEBA24D1CC7700850D4E /* SF-Compact-Display-Heavy.otf */; };
		6E4DCEF724D1CC7A00850D4E /* SF-Pro-Display-Semibold.otf in Resources */ = {isa = PBXBuildFile; fileRef = 6E4DCEBB24D1CC7700850D4E /* SF-Pro-Display-Semibold.otf */; };
		6E4DCEF824D1CC7A00850D4E /* SF-Compact-Text-Regular.otf in Resources */ = {isa = PBXBuildFile; fileRef = 6E4DCEBC24D1CC7700850D4E /* SF-Compact-Text-Regular.otf */; };
		6E4DCEF924D1CC7A00850D4E /* SF-Pro-Display-Regular.otf in Resources */ = {isa = PBXBuildFile; fileRef = 6E4DCEBD24D1CC7700850D4E /* SF-Pro-Display-Regular.otf */; };
		6E4DCEFA24D1CC7A00850D4E /* SF-Compact-Text-Ultralight.otf in Resources */ = {isa = PBXBuildFile; fileRef = 6E4DCEBE24D1CC7800850D4E /* SF-Compact-Text-Ultralight.otf */; };
		6E4DCEFB24D1CC7A00850D4E /* SF-Compact-Rounded-Heavy.otf in Resources */ = {isa = PBXBuildFile; fileRef = 6E4DCEBF24D1CC7800850D4E /* SF-Compact-Rounded-Heavy.otf */; };
		6E4DCEFC24D1CC7A00850D4E /* SF-Compact-Display-Ultralight.otf in Resources */ = {isa = PBXBuildFile; fileRef = 6E4DCEC024D1CC7800850D4E /* SF-Compact-Display-Ultralight.otf */; };
		6E4DCEFD24D1CC7A00850D4E /* SF-Compact-Text-ThinItalic.otf in Resources */ = {isa = PBXBuildFile; fileRef = 6E4DCEC124D1CC7800850D4E /* SF-Compact-Text-ThinItalic.otf */; };
		6E4DCEFE24D1CC7A00850D4E /* SF-Compact-Text-SemiboldItalic.otf in Resources */ = {isa = PBXBuildFile; fileRef = 6E4DCEC224D1CC7800850D4E /* SF-Compact-Text-SemiboldItalic.otf */; };
		6E4DCEFF24D1CC7A00850D4E /* SF-Pro-Display-BoldItalic.otf in Resources */ = {isa = PBXBuildFile; fileRef = 6E4DCEC324D1CC7800850D4E /* SF-Pro-Display-BoldItalic.otf */; };
		6E4DCF0024D1CC7A00850D4E /* SF-Compact-Text-MediumItalic.otf in Resources */ = {isa = PBXBuildFile; fileRef = 6E4DCEC424D1CC7800850D4E /* SF-Compact-Text-MediumItalic.otf */; };
		6E4DCF0124D1CC7A00850D4E /* SF-Pro-Display-ThinItalic.otf in Resources */ = {isa = PBXBuildFile; fileRef = 6E4DCEC524D1CC7800850D4E /* SF-Pro-Display-ThinItalic.otf */; };
		6E4DCF0224D1CC7A00850D4E /* SF-Compact-Text-BoldItalic.otf in Resources */ = {isa = PBXBuildFile; fileRef = 6E4DCEC624D1CC7800850D4E /* SF-Compact-Text-BoldItalic.otf */; };
		6E4DCF0324D1CC7A00850D4E /* SF-Compact-Rounded-Black.otf in Resources */ = {isa = PBXBuildFile; fileRef = 6E4DCEC724D1CC7800850D4E /* SF-Compact-Rounded-Black.otf */; };
		6E4DCF0424D1CC7A00850D4E /* SF-Compact-Rounded-Bold.otf in Resources */ = {isa = PBXBuildFile; fileRef = 6E4DCEC824D1CC7800850D4E /* SF-Compact-Rounded-Bold.otf */; };
		6E4DCF0524D1CC7A00850D4E /* SF-Compact-Text-Light.otf in Resources */ = {isa = PBXBuildFile; fileRef = 6E4DCEC924D1CC7800850D4E /* SF-Compact-Text-Light.otf */; };
		6E4DCF0624D1CC7A00850D4E /* SF-Pro-Rounded-Heavy.otf in Resources */ = {isa = PBXBuildFile; fileRef = 6E4DCECA24D1CC7800850D4E /* SF-Pro-Rounded-Heavy.otf */; };
		6E4DCF0724D1CC7A00850D4E /* SF-Compact-Text-Heavy.otf in Resources */ = {isa = PBXBuildFile; fileRef = 6E4DCECB24D1CC7800850D4E /* SF-Compact-Text-Heavy.otf */; };
		6E4DCF0824D1CC7A00850D4E /* SF-Compact-Rounded-Semibold.otf in Resources */ = {isa = PBXBuildFile; fileRef = 6E4DCECC24D1CC7900850D4E /* SF-Compact-Rounded-Semibold.otf */; };
		6E4DCF0924D1CC7A00850D4E /* SF-Pro-Display-Heavy.otf in Resources */ = {isa = PBXBuildFile; fileRef = 6E4DCECD24D1CC7900850D4E /* SF-Pro-Display-Heavy.otf */; };
		6E4DCF0A24D1CC7A00850D4E /* SF-Pro-Display-Bold.otf in Resources */ = {isa = PBXBuildFile; fileRef = 6E4DCECE24D1CC7900850D4E /* SF-Pro-Display-Bold.otf */; };
		6E4DCF0B24D1CC7A00850D4E /* SF-Compact-Text-Medium.otf in Resources */ = {isa = PBXBuildFile; fileRef = 6E4DCECF24D1CC7900850D4E /* SF-Compact-Text-Medium.otf */; };
		6E4DCF0C24D1CC7A00850D4E /* SF-Pro-Display-Black.otf in Resources */ = {isa = PBXBuildFile; fileRef = 6E4DCED024D1CC7900850D4E /* SF-Pro-Display-Black.otf */; };
		6E4DCF0D24D1CC7A00850D4E /* SF-Compact-Rounded-Thin.otf in Resources */ = {isa = PBXBuildFile; fileRef = 6E4DCED124D1CC7900850D4E /* SF-Compact-Rounded-Thin.otf */; };
		6E4DCF0E24D1CC7A00850D4E /* SF-Pro-Rounded-Medium.otf in Resources */ = {isa = PBXBuildFile; fileRef = 6E4DCED224D1CC7900850D4E /* SF-Pro-Rounded-Medium.otf */; };
		6E4DCF0F24D1CC7A00850D4E /* SF-Compact-Text-UltralightItalic.otf in Resources */ = {isa = PBXBuildFile; fileRef = 6E4DCED324D1CC7900850D4E /* SF-Compact-Text-UltralightItalic.otf */; };
		6E4DCF1024D1CC7A00850D4E /* SF-Pro-Display-SemiboldItalic.otf in Resources */ = {isa = PBXBuildFile; fileRef = 6E4DCED424D1CC7900850D4E /* SF-Pro-Display-SemiboldItalic.otf */; };
		6E4DCF1124D1CC7A00850D4E /* SF-Compact-Text-RegularItalic.otf in Resources */ = {isa = PBXBuildFile; fileRef = 6E4DCED524D1CC7900850D4E /* SF-Compact-Text-RegularItalic.otf */; };
		6E4DCF1224D1CC7A00850D4E /* SF-Pro-Display-Medium.otf in Resources */ = {isa = PBXBuildFile; fileRef = 6E4DCED624D1CC7900850D4E /* SF-Pro-Display-Medium.otf */; };
		6E4DCF1324D1CC7A00850D4E /* SF-Compact-Display-Medium.otf in Resources */ = {isa = PBXBuildFile; fileRef = 6E4DCED724D1CC7900850D4E /* SF-Compact-Display-Medium.otf */; };
		6E4DCF1424D1CC7A00850D4E /* SF-Compact-Rounded-Ultralight.otf in Resources */ = {isa = PBXBuildFile; fileRef = 6E4DCED824D1CC7900850D4E /* SF-Compact-Rounded-Ultralight.otf */; };
		6E4DCF1624D239E600850D4E /* Assets.xcassets in Resources */ = {isa = PBXBuildFile; fileRef = 6E4DCF1524D239E500850D4E /* Assets.xcassets */; };
		6E64D93224A2787700D2CE8B /* Main.storyboard in Resources */ = {isa = PBXBuildFile; fileRef = 80E59C53248446B90023CA2D /* Main.storyboard */; };
		6E64D93524A2789800D2CE8B /* LaunchScreen.storyboard in Resources */ = {isa = PBXBuildFile; fileRef = 80E59C58248446BC0023CA2D /* LaunchScreen.storyboard */; };
		6E64D98724A27A8500D2CE8B /* ItemCollectionViewCell.xib in Resources */ = {isa = PBXBuildFile; fileRef = 805B0CAA248C56C40071AD5B /* ItemCollectionViewCell.xib */; };
		6E64D98824A27A8D00D2CE8B /* BagItemCollectionViewCell.xib in Resources */ = {isa = PBXBuildFile; fileRef = 8061F99D248D8D5C00E5705B /* BagItemCollectionViewCell.xib */; };
		6E6908CB24C1D8DB00ED391C /* CategoryProductsViewController.swift in Sources */ = {isa = PBXBuildFile; fileRef = 6E6908CA24C1D8DB00ED391C /* CategoryProductsViewController.swift */; };
		6EC3E1E024B4E7FB00D8D355 /* SellCategoryTableViewCell.swift in Sources */ = {isa = PBXBuildFile; fileRef = 6EC3E1DE24B4E7FB00D8D355 /* SellCategoryTableViewCell.swift */; };
		6EC3E1E124B4E7FB00D8D355 /* SellCategoryTableViewCell.xib in Resources */ = {isa = PBXBuildFile; fileRef = 6EC3E1DF24B4E7FB00D8D355 /* SellCategoryTableViewCell.xib */; };
		6EFB214324C65AF10079D2FF /* CompleteOrderViewController.swift in Sources */ = {isa = PBXBuildFile; fileRef = 6EFB214224C65AF10079D2FF /* CompleteOrderViewController.swift */; };
		6EFB214624C666CD0079D2FF /* OrderItemCollectionViewCell.swift in Sources */ = {isa = PBXBuildFile; fileRef = 6EFB214424C666CD0079D2FF /* OrderItemCollectionViewCell.swift */; };
		6EFB214724C666CD0079D2FF /* OrderItemCollectionViewCell.xib in Resources */ = {isa = PBXBuildFile; fileRef = 6EFB214524C666CD0079D2FF /* OrderItemCollectionViewCell.xib */; };
		805B0CA4248C2E760071AD5B /* HomePageViewController.swift in Sources */ = {isa = PBXBuildFile; fileRef = 805B0CA3248C2E760071AD5B /* HomePageViewController.swift */; };
		805B0CAB248C56C40071AD5B /* ItemCollectionViewCell.swift in Sources */ = {isa = PBXBuildFile; fileRef = 805B0CA9248C56C40071AD5B /* ItemCollectionViewCell.swift */; };
		8061F99B248D8C5D00E5705B /* ShoppingBagViewController.swift in Sources */ = {isa = PBXBuildFile; fileRef = 8061F99A248D8C5D00E5705B /* ShoppingBagViewController.swift */; };
		8061F99E248D8D5C00E5705B /* BagItemCollectionViewCell.swift in Sources */ = {isa = PBXBuildFile; fileRef = 8061F99C248D8D5C00E5705B /* BagItemCollectionViewCell.swift */; };
		8061F9A1248DC60500E5705B /* ShowProductViewController.swift in Sources */ = {isa = PBXBuildFile; fileRef = 8061F9A0248DC60500E5705B /* ShowProductViewController.swift */; };
		80CF6304249177A500FDF57E /* RegisterViewController.swift in Sources */ = {isa = PBXBuildFile; fileRef = 80CF6303249177A500FDF57E /* RegisterViewController.swift */; };
		80CF6308249177F700FDF57E /* SearchViewController.swift in Sources */ = {isa = PBXBuildFile; fileRef = 80CF6307249177F700FDF57E /* SearchViewController.swift */; };
		80CF630A2491782100FDF57E /* CategoryViewController.swift in Sources */ = {isa = PBXBuildFile; fileRef = 80CF63092491782100FDF57E /* CategoryViewController.swift */; };
		80E59C4E248446B90023CA2D /* AppDelegate.swift in Sources */ = {isa = PBXBuildFile; fileRef = 80E59C4D248446B90023CA2D /* AppDelegate.swift */; };
		80E59C50248446B90023CA2D /* SceneDelegate.swift in Sources */ = {isa = PBXBuildFile; fileRef = 80E59C4F248446B90023CA2D /* SceneDelegate.swift */; };
		80E59C52248446B90023CA2D /* ViewController.swift in Sources */ = {isa = PBXBuildFile; fileRef = 80E59C51248446B90023CA2D /* ViewController.swift */; };
		80E59C65248446BC0023CA2D /* CelatoFashionTests.swift in Sources */ = {isa = PBXBuildFile; fileRef = 80E59C64248446BC0023CA2D /* CelatoFashionTests.swift */; };
		80E59C70248446BC0023CA2D /* CelatoFashionUITests.swift in Sources */ = {isa = PBXBuildFile; fileRef = 80E59C6F248446BC0023CA2D /* CelatoFashionUITests.swift */; };
		B0B457D924C097610041D272 /* NotProduct.swift in Sources */ = {isa = PBXBuildFile; fileRef = B0B457D824C097610041D272 /* NotProduct.swift */; };
		B0D646A024C71DB800E47E73 /* GoogleService-Info.plist in Resources */ = {isa = PBXBuildFile; fileRef = B0D6469F24C71DB800E47E73 /* GoogleService-Info.plist */; };
		E90D68E7C596B4ABBFD3F283 /* Pods_CelatoFashion_CelatoFashionUITests.framework in Frameworks */ = {isa = PBXBuildFile; fileRef = 43B3E9DA12D764B54B16BB17 /* Pods_CelatoFashion_CelatoFashionUITests.framework */; };
		FE4C0F85B0183670B9F59600 /* Pods_CelatoFashionTests.framework in Frameworks */ = {isa = PBXBuildFile; fileRef = 00BDE7049D5249579839A43D /* Pods_CelatoFashionTests.framework */; };
/* End PBXBuildFile section */

/* Begin PBXContainerItemProxy section */
		80E59C61248446BC0023CA2D /* PBXContainerItemProxy */ = {
			isa = PBXContainerItemProxy;
			containerPortal = 80E59C42248446B90023CA2D /* Project object */;
			proxyType = 1;
			remoteGlobalIDString = 80E59C49248446B90023CA2D;
			remoteInfo = CelatoFashion;
		};
		80E59C6C248446BC0023CA2D /* PBXContainerItemProxy */ = {
			isa = PBXContainerItemProxy;
			containerPortal = 80E59C42248446B90023CA2D /* Project object */;
			proxyType = 1;
			remoteGlobalIDString = 80E59C49248446B90023CA2D;
			remoteInfo = CelatoFashion;
		};
/* End PBXContainerItemProxy section */

/* Begin PBXFileReference section */
		00BDE7049D5249579839A43D /* Pods_CelatoFashionTests.framework */ = {isa = PBXFileReference; explicitFileType = wrapper.framework; includeInIndex = 0; path = Pods_CelatoFashionTests.framework; sourceTree = BUILT_PRODUCTS_DIR; };
		0195E77C5CC4BA96B8EFCB99 /* Pods-CelatoFashion.debug.xcconfig */ = {isa = PBXFileReference; includeInIndex = 1; lastKnownFileType = text.xcconfig; name = "Pods-CelatoFashion.debug.xcconfig"; path = "Target Support Files/Pods-CelatoFashion/Pods-CelatoFashion.debug.xcconfig"; sourceTree = "<group>"; };
		351F33C2FC4272FA3B98AC33 /* Pods-CelatoFashionTests.debug.xcconfig */ = {isa = PBXFileReference; includeInIndex = 1; lastKnownFileType = text.xcconfig; name = "Pods-CelatoFashionTests.debug.xcconfig"; path = "Target Support Files/Pods-CelatoFashionTests/Pods-CelatoFashionTests.debug.xcconfig"; sourceTree = "<group>"; };
		43B3E9DA12D764B54B16BB17 /* Pods_CelatoFashion_CelatoFashionUITests.framework */ = {isa = PBXFileReference; explicitFileType = wrapper.framework; includeInIndex = 0; path = Pods_CelatoFashion_CelatoFashionUITests.framework; sourceTree = BUILT_PRODUCTS_DIR; };
		6E00FC2A24CA3DE2004278DF /* PaymentMethodViewController.swift */ = {isa = PBXFileReference; lastKnownFileType = sourcecode.swift; path = PaymentMethodViewController.swift; sourceTree = "<group>"; };
		6E00FC2C24CA3E52004278DF /* UserInformationViewController.swift */ = {isa = PBXFileReference; lastKnownFileType = sourcecode.swift; path = UserInformationViewController.swift; sourceTree = "<group>"; };
		6E3107FB24B939150014F298 /* ShowProductCollectionViewCell.swift */ = {isa = PBXFileReference; lastKnownFileType = sourcecode.swift; path = ShowProductCollectionViewCell.swift; sourceTree = "<group>"; };
		6E3107FC24B939150014F298 /* ShowProductCollectionViewCell.xib */ = {isa = PBXFileReference; lastKnownFileType = file.xib; path = ShowProductCollectionViewCell.xib; sourceTree = "<group>"; };
		6E3F638524B5063400C061B9 /* CategoryTableViewCell.swift */ = {isa = PBXFileReference; lastKnownFileType = sourcecode.swift; path = CategoryTableViewCell.swift; sourceTree = "<group>"; };
		6E3F638624B5063400C061B9 /* CategoryTableViewCell.xib */ = {isa = PBXFileReference; lastKnownFileType = file.xib; path = CategoryTableViewCell.xib; sourceTree = "<group>"; };
		6E4DCE9024D1CABF00850D4E /* AccountViewController.swift */ = {isa = PBXFileReference; lastKnownFileType = sourcecode.swift; path = AccountViewController.swift; sourceTree = "<group>"; };
		6E4DCE9224D1CB0500850D4E /* DetailedOrderViewController.swift */ = {isa = PBXFileReference; lastKnownFileType = sourcecode.swift; path = DetailedOrderViewController.swift; sourceTree = "<group>"; };
		6E4DCE9424D1CB4400850D4E /* OrderCollectionViewCell.swift */ = {isa = PBXFileReference; lastKnownFileType = sourcecode.swift; path = OrderCollectionViewCell.swift; sourceTree = "<group>"; };
		6E4DCE9524D1CB4400850D4E /* OrderCollectionViewCell.xib */ = {isa = PBXFileReference; lastKnownFileType = file.xib; path = OrderCollectionViewCell.xib; sourceTree = "<group>"; };
		6E4DCE9824D1CB5800850D4E /* DetailedOrderCollectionViewCell.swift */ = {isa = PBXFileReference; lastKnownFileType = sourcecode.swift; path = DetailedOrderCollectionViewCell.swift; sourceTree = "<group>"; };
		6E4DCE9924D1CB5800850D4E /* DetailedOrderCollectionViewCell.xib */ = {isa = PBXFileReference; lastKnownFileType = file.xib; path = DetailedOrderCollectionViewCell.xib; sourceTree = "<group>"; };
		6E4DCE9D24D1CC7600850D4E /* SF-Compact-Text-LightItalic.otf */ = {isa = PBXFileReference; lastKnownFileType = file; name = "SF-Compact-Text-LightItalic.otf"; path = "../../../../Fonts/SF-Compact-Text-LightItalic.otf"; sourceTree = "<group>"; };
		6E4DCE9E24D1CC7600850D4E /* SF-Pro-Display-HeavyItalic.otf */ = {isa = PBXFileReference; lastKnownFileType = file; name = "SF-Pro-Display-HeavyItalic.otf"; path = "../../../../Fonts/SF-Pro-Display-HeavyItalic.otf"; sourceTree = "<group>"; };
		6E4DCE9F24D1CC7600850D4E /* SF-Pro-Display-BlackItalic.otf */ = {isa = PBXFileReference; lastKnownFileType = file; name = "SF-Pro-Display-BlackItalic.otf"; path = "../../../../Fonts/SF-Pro-Display-BlackItalic.otf"; sourceTree = "<group>"; };
		6E4DCEA024D1CC7600850D4E /* SF-Compact-Text-Bold.otf */ = {isa = PBXFileReference; lastKnownFileType = file; name = "SF-Compact-Text-Bold.otf"; path = "../../../../Fonts/SF-Compact-Text-Bold.otf"; sourceTree = "<group>"; };
		6E4DCEA124D1CC7600850D4E /* SF-Compact-Text-HeavyItalic.otf */ = {isa = PBXFileReference; lastKnownFileType = file; name = "SF-Compact-Text-HeavyItalic.otf"; path = "../../../../Fonts/SF-Compact-Text-HeavyItalic.otf"; sourceTree = "<group>"; };
		6E4DCEA224D1CC7600850D4E /* SF-Compact-Text-Thin.otf */ = {isa = PBXFileReference; lastKnownFileType = file; name = "SF-Compact-Text-Thin.otf"; path = "../../../../Fonts/SF-Compact-Text-Thin.otf"; sourceTree = "<group>"; };
		6E4DCEA324D1CC7600850D4E /* SF-Compact-Text-Black.otf */ = {isa = PBXFileReference; lastKnownFileType = file; name = "SF-Compact-Text-Black.otf"; path = "../../../../Fonts/SF-Compact-Text-Black.otf"; sourceTree = "<group>"; };
		6E4DCEA424D1CC7600850D4E /* SF-Pro-Display-RegularItalic.otf */ = {isa = PBXFileReference; lastKnownFileType = file; name = "SF-Pro-Display-RegularItalic.otf"; path = "../../../../Fonts/SF-Pro-Display-RegularItalic.otf"; sourceTree = "<group>"; };
		6E4DCEA524D1CC7600850D4E /* SF-Compact-Rounded-Light.otf */ = {isa = PBXFileReference; lastKnownFileType = file; name = "SF-Compact-Rounded-Light.otf"; path = "../../../../Fonts/SF-Compact-Rounded-Light.otf"; sourceTree = "<group>"; };
		6E4DCEA624D1CC7600850D4E /* SF-Pro-Display-LightItalic.otf */ = {isa = PBXFileReference; lastKnownFileType = file; name = "SF-Pro-Display-LightItalic.otf"; path = "../../../../Fonts/SF-Pro-Display-LightItalic.otf"; sourceTree = "<group>"; };
		6E4DCEA724D1CC7600850D4E /* SF-Compact-Display-Regular.otf */ = {isa = PBXFileReference; lastKnownFileType = file; name = "SF-Compact-Display-Regular.otf"; path = "../../../../Fonts/SF-Compact-Display-Regular.otf"; sourceTree = "<group>"; };
		6E4DCEA824D1CC7600850D4E /* SF-Compact-Display-Semibold.otf */ = {isa = PBXFileReference; lastKnownFileType = file; name = "SF-Compact-Display-Semibold.otf"; path = "../../../../Fonts/SF-Compact-Display-Semibold.otf"; sourceTree = "<group>"; };
		6E4DCEA924D1CC7600850D4E /* SF-Compact-Display-Bold.otf */ = {isa = PBXFileReference; lastKnownFileType = file; name = "SF-Compact-Display-Bold.otf"; path = "../../../../Fonts/SF-Compact-Display-Bold.otf"; sourceTree = "<group>"; };
		6E4DCEAA24D1CC7600850D4E /* SF-Pro-Rounded-Regular.otf */ = {isa = PBXFileReference; lastKnownFileType = file; name = "SF-Pro-Rounded-Regular.otf"; path = "../../../../Fonts/SF-Pro-Rounded-Regular.otf"; sourceTree = "<group>"; };
		6E4DCEAB24D1CC7600850D4E /* SF-Compact-Display-Light.otf */ = {isa = PBXFileReference; lastKnownFileType = file; name = "SF-Compact-Display-Light.otf"; path = "../../../../Fonts/SF-Compact-Display-Light.otf"; sourceTree = "<group>"; };
		6E4DCEAC24D1CC7600850D4E /* SF-Pro-Display-MediumItalic.otf */ = {isa = PBXFileReference; lastKnownFileType = file; name = "SF-Pro-Display-MediumItalic.otf"; path = "../../../../Fonts/SF-Pro-Display-MediumItalic.otf"; sourceTree = "<group>"; };
		6E4DCEAD24D1CC7600850D4E /* SF-Compact-Text-Semibold.otf */ = {isa = PBXFileReference; lastKnownFileType = file; name = "SF-Compact-Text-Semibold.otf"; path = "../../../../Fonts/SF-Compact-Text-Semibold.otf"; sourceTree = "<group>"; };
		6E4DCEAE24D1CC7600850D4E /* SF-Compact-Rounded-Medium.otf */ = {isa = PBXFileReference; lastKnownFileType = file; name = "SF-Compact-Rounded-Medium.otf"; path = "../../../../Fonts/SF-Compact-Rounded-Medium.otf"; sourceTree = "<group>"; };
		6E4DCEAF24D1CC7700850D4E /* SF-Pro-Rounded-Black.otf */ = {isa = PBXFileReference; lastKnownFileType = file; name = "SF-Pro-Rounded-Black.otf"; path = "../../../../Fonts/SF-Pro-Rounded-Black.otf"; sourceTree = "<group>"; };
		6E4DCEB024D1CC7700850D4E /* SF-Pro-Rounded-Bold.otf */ = {isa = PBXFileReference; lastKnownFileType = file; name = "SF-Pro-Rounded-Bold.otf"; path = "../../../../Fonts/SF-Pro-Rounded-Bold.otf"; sourceTree = "<group>"; };
		6E4DCEB124D1CC7700850D4E /* SF-Compact-Rounded-Regular.otf */ = {isa = PBXFileReference; lastKnownFileType = file; name = "SF-Compact-Rounded-Regular.otf"; path = "../../../../Fonts/SF-Compact-Rounded-Regular.otf"; sourceTree = "<group>"; };
		6E4DCEB224D1CC7700850D4E /* SF-Pro-Display-Ultralight.otf */ = {isa = PBXFileReference; lastKnownFileType = file; name = "SF-Pro-Display-Ultralight.otf"; path = "../../../../Fonts/SF-Pro-Display-Ultralight.otf"; sourceTree = "<group>"; };
		6E4DCEB324D1CC7700850D4E /* SF-Compact-Display-Black.otf */ = {isa = PBXFileReference; lastKnownFileType = file; name = "SF-Compact-Display-Black.otf"; path = "../../../../Fonts/SF-Compact-Display-Black.otf"; sourceTree = "<group>"; };
		6E4DCEB424D1CC7700850D4E /* SF-Pro-Display-Thin.otf */ = {isa = PBXFileReference; lastKnownFileType = file; name = "SF-Pro-Display-Thin.otf"; path = "../../../../Fonts/SF-Pro-Display-Thin.otf"; sourceTree = "<group>"; };
		6E4DCEB524D1CC7700850D4E /* SF-Compact-Text-BlackItalic.otf */ = {isa = PBXFileReference; lastKnownFileType = file; name = "SF-Compact-Text-BlackItalic.otf"; path = "../../../../Fonts/SF-Compact-Text-BlackItalic.otf"; sourceTree = "<group>"; };
		6E4DCEB624D1CC7700850D4E /* SF-Pro-Rounded-Light.otf */ = {isa = PBXFileReference; lastKnownFileType = file; name = "SF-Pro-Rounded-Light.otf"; path = "../../../../Fonts/SF-Pro-Rounded-Light.otf"; sourceTree = "<group>"; };
		6E4DCEB724D1CC7700850D4E /* SF-Pro-Display-Light.otf */ = {isa = PBXFileReference; lastKnownFileType = file; name = "SF-Pro-Display-Light.otf"; path = "../../../../Fonts/SF-Pro-Display-Light.otf"; sourceTree = "<group>"; };
		6E4DCEB824D1CC7700850D4E /* SF-Pro-Display-UltralightItalic.otf */ = {isa = PBXFileReference; lastKnownFileType = file; name = "SF-Pro-Display-UltralightItalic.otf"; path = "../../../../Fonts/SF-Pro-Display-UltralightItalic.otf"; sourceTree = "<group>"; };
		6E4DCEB924D1CC7700850D4E /* SF-Compact-Display-Thin.otf */ = {isa = PBXFileReference; lastKnownFileType = file; name = "SF-Compact-Display-Thin.otf"; path = "../../../../Fonts/SF-Compact-Display-Thin.otf"; sourceTree = "<group>"; };
		6E4DCEBA24D1CC7700850D4E /* SF-Compact-Display-Heavy.otf */ = {isa = PBXFileReference; lastKnownFileType = file; name = "SF-Compact-Display-Heavy.otf"; path = "../../../../Fonts/SF-Compact-Display-Heavy.otf"; sourceTree = "<group>"; };
		6E4DCEBB24D1CC7700850D4E /* SF-Pro-Display-Semibold.otf */ = {isa = PBXFileReference; lastKnownFileType = file; name = "SF-Pro-Display-Semibold.otf"; path = "../../../../Fonts/SF-Pro-Display-Semibold.otf"; sourceTree = "<group>"; };
		6E4DCEBC24D1CC7700850D4E /* SF-Compact-Text-Regular.otf */ = {isa = PBXFileReference; lastKnownFileType = file; name = "SF-Compact-Text-Regular.otf"; path = "../../../../Fonts/SF-Compact-Text-Regular.otf"; sourceTree = "<group>"; };
		6E4DCEBD24D1CC7700850D4E /* SF-Pro-Display-Regular.otf */ = {isa = PBXFileReference; lastKnownFileType = file; name = "SF-Pro-Display-Regular.otf"; path = "../../../../Fonts/SF-Pro-Display-Regular.otf"; sourceTree = "<group>"; };
		6E4DCEBE24D1CC7800850D4E /* SF-Compact-Text-Ultralight.otf */ = {isa = PBXFileReference; lastKnownFileType = file; name = "SF-Compact-Text-Ultralight.otf"; path = "../../../../Fonts/SF-Compact-Text-Ultralight.otf"; sourceTree = "<group>"; };
		6E4DCEBF24D1CC7800850D4E /* SF-Compact-Rounded-Heavy.otf */ = {isa = PBXFileReference; lastKnownFileType = file; name = "SF-Compact-Rounded-Heavy.otf"; path = "../../../../Fonts/SF-Compact-Rounded-Heavy.otf"; sourceTree = "<group>"; };
		6E4DCEC024D1CC7800850D4E /* SF-Compact-Display-Ultralight.otf */ = {isa = PBXFileReference; lastKnownFileType = file; name = "SF-Compact-Display-Ultralight.otf"; path = "../../../../Fonts/SF-Compact-Display-Ultralight.otf"; sourceTree = "<group>"; };
		6E4DCEC124D1CC7800850D4E /* SF-Compact-Text-ThinItalic.otf */ = {isa = PBXFileReference; lastKnownFileType = file; name = "SF-Compact-Text-ThinItalic.otf"; path = "../../../../Fonts/SF-Compact-Text-ThinItalic.otf"; sourceTree = "<group>"; };
		6E4DCEC224D1CC7800850D4E /* SF-Compact-Text-SemiboldItalic.otf */ = {isa = PBXFileReference; lastKnownFileType = file; name = "SF-Compact-Text-SemiboldItalic.otf"; path = "../../../../Fonts/SF-Compact-Text-SemiboldItalic.otf"; sourceTree = "<group>"; };
		6E4DCEC324D1CC7800850D4E /* SF-Pro-Display-BoldItalic.otf */ = {isa = PBXFileReference; lastKnownFileType = file; name = "SF-Pro-Display-BoldItalic.otf"; path = "../../../../Fonts/SF-Pro-Display-BoldItalic.otf"; sourceTree = "<group>"; };
		6E4DCEC424D1CC7800850D4E /* SF-Compact-Text-MediumItalic.otf */ = {isa = PBXFileReference; lastKnownFileType = file; name = "SF-Compact-Text-MediumItalic.otf"; path = "../../../../Fonts/SF-Compact-Text-MediumItalic.otf"; sourceTree = "<group>"; };
		6E4DCEC524D1CC7800850D4E /* SF-Pro-Display-ThinItalic.otf */ = {isa = PBXFileReference; lastKnownFileType = file; name = "SF-Pro-Display-ThinItalic.otf"; path = "../../../../Fonts/SF-Pro-Display-ThinItalic.otf"; sourceTree = "<group>"; };
		6E4DCEC624D1CC7800850D4E /* SF-Compact-Text-BoldItalic.otf */ = {isa = PBXFileReference; lastKnownFileType = file; name = "SF-Compact-Text-BoldItalic.otf"; path = "../../../../Fonts/SF-Compact-Text-BoldItalic.otf"; sourceTree = "<group>"; };
		6E4DCEC724D1CC7800850D4E /* SF-Compact-Rounded-Black.otf */ = {isa = PBXFileReference; lastKnownFileType = file; name = "SF-Compact-Rounded-Black.otf"; path = "../../../../Fonts/SF-Compact-Rounded-Black.otf"; sourceTree = "<group>"; };
		6E4DCEC824D1CC7800850D4E /* SF-Compact-Rounded-Bold.otf */ = {isa = PBXFileReference; lastKnownFileType = file; name = "SF-Compact-Rounded-Bold.otf"; path = "../../../../Fonts/SF-Compact-Rounded-Bold.otf"; sourceTree = "<group>"; };
		6E4DCEC924D1CC7800850D4E /* SF-Compact-Text-Light.otf */ = {isa = PBXFileReference; lastKnownFileType = file; name = "SF-Compact-Text-Light.otf"; path = "../../../../Fonts/SF-Compact-Text-Light.otf"; sourceTree = "<group>"; };
		6E4DCECA24D1CC7800850D4E /* SF-Pro-Rounded-Heavy.otf */ = {isa = PBXFileReference; lastKnownFileType = file; name = "SF-Pro-Rounded-Heavy.otf"; path = "../../../../Fonts/SF-Pro-Rounded-Heavy.otf"; sourceTree = "<group>"; };
		6E4DCECB24D1CC7800850D4E /* SF-Compact-Text-Heavy.otf */ = {isa = PBXFileReference; lastKnownFileType = file; name = "SF-Compact-Text-Heavy.otf"; path = "../../../../Fonts/SF-Compact-Text-Heavy.otf"; sourceTree = "<group>"; };
		6E4DCECC24D1CC7900850D4E /* SF-Compact-Rounded-Semibold.otf */ = {isa = PBXFileReference; lastKnownFileType = file; name = "SF-Compact-Rounded-Semibold.otf"; path = "../../../../Fonts/SF-Compact-Rounded-Semibold.otf"; sourceTree = "<group>"; };
		6E4DCECD24D1CC7900850D4E /* SF-Pro-Display-Heavy.otf */ = {isa = PBXFileReference; lastKnownFileType = file; name = "SF-Pro-Display-Heavy.otf"; path = "../../../../Fonts/SF-Pro-Display-Heavy.otf"; sourceTree = "<group>"; };
		6E4DCECE24D1CC7900850D4E /* SF-Pro-Display-Bold.otf */ = {isa = PBXFileReference; lastKnownFileType = file; name = "SF-Pro-Display-Bold.otf"; path = "../../../../Fonts/SF-Pro-Display-Bold.otf"; sourceTree = "<group>"; };
		6E4DCECF24D1CC7900850D4E /* SF-Compact-Text-Medium.otf */ = {isa = PBXFileReference; lastKnownFileType = file; name = "SF-Compact-Text-Medium.otf"; path = "../../../../Fonts/SF-Compact-Text-Medium.otf"; sourceTree = "<group>"; };
		6E4DCED024D1CC7900850D4E /* SF-Pro-Display-Black.otf */ = {isa = PBXFileReference; lastKnownFileType = file; name = "SF-Pro-Display-Black.otf"; path = "../../../../Fonts/SF-Pro-Display-Black.otf"; sourceTree = "<group>"; };
		6E4DCED124D1CC7900850D4E /* SF-Compact-Rounded-Thin.otf */ = {isa = PBXFileReference; lastKnownFileType = file; name = "SF-Compact-Rounded-Thin.otf"; path = "../../../../Fonts/SF-Compact-Rounded-Thin.otf"; sourceTree = "<group>"; };
		6E4DCED224D1CC7900850D4E /* SF-Pro-Rounded-Medium.otf */ = {isa = PBXFileReference; lastKnownFileType = file; name = "SF-Pro-Rounded-Medium.otf"; path = "../../../../Fonts/SF-Pro-Rounded-Medium.otf"; sourceTree = "<group>"; };
		6E4DCED324D1CC7900850D4E /* SF-Compact-Text-UltralightItalic.otf */ = {isa = PBXFileReference; lastKnownFileType = file; name = "SF-Compact-Text-UltralightItalic.otf"; path = "../../../../Fonts/SF-Compact-Text-UltralightItalic.otf"; sourceTree = "<group>"; };
		6E4DCED424D1CC7900850D4E /* SF-Pro-Display-SemiboldItalic.otf */ = {isa = PBXFileReference; lastKnownFileType = file; name = "SF-Pro-Display-SemiboldItalic.otf"; path = "../../../../Fonts/SF-Pro-Display-SemiboldItalic.otf"; sourceTree = "<group>"; };
		6E4DCED524D1CC7900850D4E /* SF-Compact-Text-RegularItalic.otf */ = {isa = PBXFileReference; lastKnownFileType = file; name = "SF-Compact-Text-RegularItalic.otf"; path = "../../../../Fonts/SF-Compact-Text-RegularItalic.otf"; sourceTree = "<group>"; };
		6E4DCED624D1CC7900850D4E /* SF-Pro-Display-Medium.otf */ = {isa = PBXFileReference; lastKnownFileType = file; name = "SF-Pro-Display-Medium.otf"; path = "../../../../Fonts/SF-Pro-Display-Medium.otf"; sourceTree = "<group>"; };
		6E4DCED724D1CC7900850D4E /* SF-Compact-Display-Medium.otf */ = {isa = PBXFileReference; lastKnownFileType = file; name = "SF-Compact-Display-Medium.otf"; path = "../../../../Fonts/SF-Compact-Display-Medium.otf"; sourceTree = "<group>"; };
		6E4DCED824D1CC7900850D4E /* SF-Compact-Rounded-Ultralight.otf */ = {isa = PBXFileReference; lastKnownFileType = file; name = "SF-Compact-Rounded-Ultralight.otf"; path = "../../../../Fonts/SF-Compact-Rounded-Ultralight.otf"; sourceTree = "<group>"; };
		6E4DCF1524D239E500850D4E /* Assets.xcassets */ = {isa = PBXFileReference; lastKnownFileType = folder.assetcatalog; name = Assets.xcassets; path = ../../CelatoFashion/CelatoFashion/Assets.xcassets; sourceTree = "<group>"; };
		6E6908CA24C1D8DB00ED391C /* CategoryProductsViewController.swift */ = {isa = PBXFileReference; lastKnownFileType = sourcecode.swift; path = CategoryProductsViewController.swift; sourceTree = "<group>"; };
		6EC3E1DE24B4E7FB00D8D355 /* SellCategoryTableViewCell.swift */ = {isa = PBXFileReference; lastKnownFileType = sourcecode.swift; path = SellCategoryTableViewCell.swift; sourceTree = "<group>"; };
		6EC3E1DF24B4E7FB00D8D355 /* SellCategoryTableViewCell.xib */ = {isa = PBXFileReference; lastKnownFileType = file.xib; path = SellCategoryTableViewCell.xib; sourceTree = "<group>"; };
		6EFB214224C65AF10079D2FF /* CompleteOrderViewController.swift */ = {isa = PBXFileReference; lastKnownFileType = sourcecode.swift; path = CompleteOrderViewController.swift; sourceTree = "<group>"; };
		6EFB214424C666CD0079D2FF /* OrderItemCollectionViewCell.swift */ = {isa = PBXFileReference; lastKnownFileType = sourcecode.swift; path = OrderItemCollectionViewCell.swift; sourceTree = "<group>"; };
		6EFB214524C666CD0079D2FF /* OrderItemCollectionViewCell.xib */ = {isa = PBXFileReference; lastKnownFileType = file.xib; path = OrderItemCollectionViewCell.xib; sourceTree = "<group>"; };
		7E723EF5828F8DB3AE774724 /* Pods-CelatoFashion.release.xcconfig */ = {isa = PBXFileReference; includeInIndex = 1; lastKnownFileType = text.xcconfig; name = "Pods-CelatoFashion.release.xcconfig"; path = "Target Support Files/Pods-CelatoFashion/Pods-CelatoFashion.release.xcconfig"; sourceTree = "<group>"; };
		805B0CA3248C2E760071AD5B /* HomePageViewController.swift */ = {isa = PBXFileReference; lastKnownFileType = sourcecode.swift; path = HomePageViewController.swift; sourceTree = "<group>"; };
		805B0CA9248C56C40071AD5B /* ItemCollectionViewCell.swift */ = {isa = PBXFileReference; lastKnownFileType = sourcecode.swift; path = ItemCollectionViewCell.swift; sourceTree = "<group>"; };
		805B0CAA248C56C40071AD5B /* ItemCollectionViewCell.xib */ = {isa = PBXFileReference; lastKnownFileType = file.xib; path = ItemCollectionViewCell.xib; sourceTree = "<group>"; };
		8061F99A248D8C5D00E5705B /* ShoppingBagViewController.swift */ = {isa = PBXFileReference; lastKnownFileType = sourcecode.swift; path = ShoppingBagViewController.swift; sourceTree = "<group>"; };
		8061F99C248D8D5C00E5705B /* BagItemCollectionViewCell.swift */ = {isa = PBXFileReference; lastKnownFileType = sourcecode.swift; path = BagItemCollectionViewCell.swift; sourceTree = "<group>"; };
		8061F99D248D8D5C00E5705B /* BagItemCollectionViewCell.xib */ = {isa = PBXFileReference; lastKnownFileType = file.xib; path = BagItemCollectionViewCell.xib; sourceTree = "<group>"; };
		8061F9A0248DC60500E5705B /* ShowProductViewController.swift */ = {isa = PBXFileReference; lastKnownFileType = sourcecode.swift; path = ShowProductViewController.swift; sourceTree = "<group>"; };
		80CF6303249177A500FDF57E /* RegisterViewController.swift */ = {isa = PBXFileReference; lastKnownFileType = sourcecode.swift; path = RegisterViewController.swift; sourceTree = "<group>"; };
		80CF6307249177F700FDF57E /* SearchViewController.swift */ = {isa = PBXFileReference; lastKnownFileType = sourcecode.swift; path = SearchViewController.swift; sourceTree = "<group>"; };
		80CF63092491782100FDF57E /* CategoryViewController.swift */ = {isa = PBXFileReference; lastKnownFileType = sourcecode.swift; path = CategoryViewController.swift; sourceTree = "<group>"; };
		80E59C4A248446B90023CA2D /* CelatoFashion.app */ = {isa = PBXFileReference; explicitFileType = wrapper.application; includeInIndex = 0; path = CelatoFashion.app; sourceTree = BUILT_PRODUCTS_DIR; };
		80E59C4D248446B90023CA2D /* AppDelegate.swift */ = {isa = PBXFileReference; lastKnownFileType = sourcecode.swift; path = AppDelegate.swift; sourceTree = "<group>"; };
		80E59C4F248446B90023CA2D /* SceneDelegate.swift */ = {isa = PBXFileReference; lastKnownFileType = sourcecode.swift; path = SceneDelegate.swift; sourceTree = "<group>"; };
		80E59C51248446B90023CA2D /* ViewController.swift */ = {isa = PBXFileReference; lastKnownFileType = sourcecode.swift; path = ViewController.swift; sourceTree = "<group>"; };
		80E59C54248446B90023CA2D /* Base */ = {isa = PBXFileReference; lastKnownFileType = file.storyboard; name = Base; path = Base.lproj/Main.storyboard; sourceTree = "<group>"; };
		80E59C59248446BC0023CA2D /* Base */ = {isa = PBXFileReference; lastKnownFileType = file.storyboard; name = Base; path = Base.lproj/LaunchScreen.storyboard; sourceTree = "<group>"; };
		80E59C5B248446BC0023CA2D /* Info.plist */ = {isa = PBXFileReference; lastKnownFileType = text.plist.xml; path = Info.plist; sourceTree = "<group>"; };
		80E59C60248446BC0023CA2D /* CelatoFashionTests.xctest */ = {isa = PBXFileReference; explicitFileType = wrapper.cfbundle; includeInIndex = 0; path = CelatoFashionTests.xctest; sourceTree = BUILT_PRODUCTS_DIR; };
		80E59C64248446BC0023CA2D /* CelatoFashionTests.swift */ = {isa = PBXFileReference; lastKnownFileType = sourcecode.swift; path = CelatoFashionTests.swift; sourceTree = "<group>"; };
		80E59C66248446BC0023CA2D /* Info.plist */ = {isa = PBXFileReference; lastKnownFileType = text.plist.xml; path = Info.plist; sourceTree = "<group>"; };
		80E59C6B248446BC0023CA2D /* CelatoFashionUITests.xctest */ = {isa = PBXFileReference; explicitFileType = wrapper.cfbundle; includeInIndex = 0; path = CelatoFashionUITests.xctest; sourceTree = BUILT_PRODUCTS_DIR; };
		80E59C6F248446BC0023CA2D /* CelatoFashionUITests.swift */ = {isa = PBXFileReference; lastKnownFileType = sourcecode.swift; path = CelatoFashionUITests.swift; sourceTree = "<group>"; };
		80E59C71248446BC0023CA2D /* Info.plist */ = {isa = PBXFileReference; lastKnownFileType = text.plist.xml; path = Info.plist; sourceTree = "<group>"; };
		A20D16CB9000F7D38C72F707 /* Pods-CelatoFashion-CelatoFashionUITests.debug.xcconfig */ = {isa = PBXFileReference; includeInIndex = 1; lastKnownFileType = text.xcconfig; name = "Pods-CelatoFashion-CelatoFashionUITests.debug.xcconfig"; path = "Target Support Files/Pods-CelatoFashion-CelatoFashionUITests/Pods-CelatoFashion-CelatoFashionUITests.debug.xcconfig"; sourceTree = "<group>"; };
		B0B457D824C097610041D272 /* NotProduct.swift */ = {isa = PBXFileReference; lastKnownFileType = sourcecode.swift; path = NotProduct.swift; sourceTree = "<group>"; };
		B0D6469F24C71DB800E47E73 /* GoogleService-Info.plist */ = {isa = PBXFileReference; fileEncoding = 4; lastKnownFileType = text.plist.xml; path = "GoogleService-Info.plist"; sourceTree = "<group>"; };
		DEB4FA630F6365B8D695DE37 /* Pods-CelatoFashionTests.release.xcconfig */ = {isa = PBXFileReference; includeInIndex = 1; lastKnownFileType = text.xcconfig; name = "Pods-CelatoFashionTests.release.xcconfig"; path = "Target Support Files/Pods-CelatoFashionTests/Pods-CelatoFashionTests.release.xcconfig"; sourceTree = "<group>"; };
		F4F9B2FE72E0D56B730DAAEC /* Pods-CelatoFashion-CelatoFashionUITests.release.xcconfig */ = {isa = PBXFileReference; includeInIndex = 1; lastKnownFileType = text.xcconfig; name = "Pods-CelatoFashion-CelatoFashionUITests.release.xcconfig"; path = "Target Support Files/Pods-CelatoFashion-CelatoFashionUITests/Pods-CelatoFashion-CelatoFashionUITests.release.xcconfig"; sourceTree = "<group>"; };
		F9DA5152BE256185AF3A2E14 /* Pods_CelatoFashion.framework */ = {isa = PBXFileReference; explicitFileType = wrapper.framework; includeInIndex = 0; path = Pods_CelatoFashion.framework; sourceTree = BUILT_PRODUCTS_DIR; };
/* End PBXFileReference section */

/* Begin PBXFrameworksBuildPhase section */
		80E59C47248446B90023CA2D /* Frameworks */ = {
			isa = PBXFrameworksBuildPhase;
			buildActionMask = 2147483647;
			files = (
				315066D90D6698FC756F422C /* Pods_CelatoFashion.framework in Frameworks */,
			);
			runOnlyForDeploymentPostprocessing = 0;
		};
		80E59C5D248446BC0023CA2D /* Frameworks */ = {
			isa = PBXFrameworksBuildPhase;
			buildActionMask = 2147483647;
			files = (
				FE4C0F85B0183670B9F59600 /* Pods_CelatoFashionTests.framework in Frameworks */,
			);
			runOnlyForDeploymentPostprocessing = 0;
		};
		80E59C68248446BC0023CA2D /* Frameworks */ = {
			isa = PBXFrameworksBuildPhase;
			buildActionMask = 2147483647;
			files = (
				E90D68E7C596B4ABBFD3F283 /* Pods_CelatoFashion_CelatoFashionUITests.framework in Frameworks */,
			);
			runOnlyForDeploymentPostprocessing = 0;
		};
/* End PBXFrameworksBuildPhase section */

/* Begin PBXGroup section */
		5ABF855C6AA36E98E6F55C19 /* Frameworks */ = {
			isa = PBXGroup;
			children = (
				F9DA5152BE256185AF3A2E14 /* Pods_CelatoFashion.framework */,
				43B3E9DA12D764B54B16BB17 /* Pods_CelatoFashion_CelatoFashionUITests.framework */,
				00BDE7049D5249579839A43D /* Pods_CelatoFashionTests.framework */,
			);
			name = Frameworks;
			sourceTree = "<group>";
		};
		6E4DCE9C24D1CC5900850D4E /* Fonts */ = {
			isa = PBXGroup;
			children = (
				6E4DCEB324D1CC7700850D4E /* SF-Compact-Display-Black.otf */,
				6E4DCEA924D1CC7600850D4E /* SF-Compact-Display-Bold.otf */,
				6E4DCEBA24D1CC7700850D4E /* SF-Compact-Display-Heavy.otf */,
				6E4DCEAB24D1CC7600850D4E /* SF-Compact-Display-Light.otf */,
				6E4DCED724D1CC7900850D4E /* SF-Compact-Display-Medium.otf */,
				6E4DCEA724D1CC7600850D4E /* SF-Compact-Display-Regular.otf */,
				6E4DCEA824D1CC7600850D4E /* SF-Compact-Display-Semibold.otf */,
				6E4DCEB924D1CC7700850D4E /* SF-Compact-Display-Thin.otf */,
				6E4DCEC024D1CC7800850D4E /* SF-Compact-Display-Ultralight.otf */,
				6E4DCEC724D1CC7800850D4E /* SF-Compact-Rounded-Black.otf */,
				6E4DCEC824D1CC7800850D4E /* SF-Compact-Rounded-Bold.otf */,
				6E4DCEBF24D1CC7800850D4E /* SF-Compact-Rounded-Heavy.otf */,
				6E4DCEA524D1CC7600850D4E /* SF-Compact-Rounded-Light.otf */,
				6E4DCEAE24D1CC7600850D4E /* SF-Compact-Rounded-Medium.otf */,
				6E4DCEB124D1CC7700850D4E /* SF-Compact-Rounded-Regular.otf */,
				6E4DCECC24D1CC7900850D4E /* SF-Compact-Rounded-Semibold.otf */,
				6E4DCED124D1CC7900850D4E /* SF-Compact-Rounded-Thin.otf */,
				6E4DCED824D1CC7900850D4E /* SF-Compact-Rounded-Ultralight.otf */,
				6E4DCEA324D1CC7600850D4E /* SF-Compact-Text-Black.otf */,
				6E4DCEB524D1CC7700850D4E /* SF-Compact-Text-BlackItalic.otf */,
				6E4DCEA024D1CC7600850D4E /* SF-Compact-Text-Bold.otf */,
				6E4DCEC624D1CC7800850D4E /* SF-Compact-Text-BoldItalic.otf */,
				6E4DCECB24D1CC7800850D4E /* SF-Compact-Text-Heavy.otf */,
				6E4DCEA124D1CC7600850D4E /* SF-Compact-Text-HeavyItalic.otf */,
				6E4DCEC924D1CC7800850D4E /* SF-Compact-Text-Light.otf */,
				6E4DCE9D24D1CC7600850D4E /* SF-Compact-Text-LightItalic.otf */,
				6E4DCECF24D1CC7900850D4E /* SF-Compact-Text-Medium.otf */,
				6E4DCEC424D1CC7800850D4E /* SF-Compact-Text-MediumItalic.otf */,
				6E4DCEBC24D1CC7700850D4E /* SF-Compact-Text-Regular.otf */,
				6E4DCED524D1CC7900850D4E /* SF-Compact-Text-RegularItalic.otf */,
				6E4DCEAD24D1CC7600850D4E /* SF-Compact-Text-Semibold.otf */,
				6E4DCEC224D1CC7800850D4E /* SF-Compact-Text-SemiboldItalic.otf */,
				6E4DCEA224D1CC7600850D4E /* SF-Compact-Text-Thin.otf */,
				6E4DCEC124D1CC7800850D4E /* SF-Compact-Text-ThinItalic.otf */,
				6E4DCEBE24D1CC7800850D4E /* SF-Compact-Text-Ultralight.otf */,
				6E4DCED324D1CC7900850D4E /* SF-Compact-Text-UltralightItalic.otf */,
				6E4DCED024D1CC7900850D4E /* SF-Pro-Display-Black.otf */,
				6E4DCE9F24D1CC7600850D4E /* SF-Pro-Display-BlackItalic.otf */,
				6E4DCECE24D1CC7900850D4E /* SF-Pro-Display-Bold.otf */,
				6E4DCEC324D1CC7800850D4E /* SF-Pro-Display-BoldItalic.otf */,
				6E4DCECD24D1CC7900850D4E /* SF-Pro-Display-Heavy.otf */,
				6E4DCE9E24D1CC7600850D4E /* SF-Pro-Display-HeavyItalic.otf */,
				6E4DCEB724D1CC7700850D4E /* SF-Pro-Display-Light.otf */,
				6E4DCEA624D1CC7600850D4E /* SF-Pro-Display-LightItalic.otf */,
				6E4DCED624D1CC7900850D4E /* SF-Pro-Display-Medium.otf */,
				6E4DCEAC24D1CC7600850D4E /* SF-Pro-Display-MediumItalic.otf */,
				6E4DCEBD24D1CC7700850D4E /* SF-Pro-Display-Regular.otf */,
				6E4DCEA424D1CC7600850D4E /* SF-Pro-Display-RegularItalic.otf */,
				6E4DCEBB24D1CC7700850D4E /* SF-Pro-Display-Semibold.otf */,
				6E4DCED424D1CC7900850D4E /* SF-Pro-Display-SemiboldItalic.otf */,
				6E4DCEB424D1CC7700850D4E /* SF-Pro-Display-Thin.otf */,
				6E4DCEC524D1CC7800850D4E /* SF-Pro-Display-ThinItalic.otf */,
				6E4DCEB224D1CC7700850D4E /* SF-Pro-Display-Ultralight.otf */,
				6E4DCEB824D1CC7700850D4E /* SF-Pro-Display-UltralightItalic.otf */,
				6E4DCEAF24D1CC7700850D4E /* SF-Pro-Rounded-Black.otf */,
				6E4DCEB024D1CC7700850D4E /* SF-Pro-Rounded-Bold.otf */,
				6E4DCECA24D1CC7800850D4E /* SF-Pro-Rounded-Heavy.otf */,
				6E4DCEB624D1CC7700850D4E /* SF-Pro-Rounded-Light.otf */,
				6E4DCED224D1CC7900850D4E /* SF-Pro-Rounded-Medium.otf */,
				6E4DCEAA24D1CC7600850D4E /* SF-Pro-Rounded-Regular.otf */,
			);
			path = Fonts;
			sourceTree = "<group>";
		};
		80E59C41248446B90023CA2D = {
			isa = PBXGroup;
			children = (
				80E59C4C248446B90023CA2D /* CelatoFashion */,
				80E59C63248446BC0023CA2D /* CelatoFashionTests */,
				80E59C6E248446BC0023CA2D /* CelatoFashionUITests */,
				80E59C4B248446B90023CA2D /* Products */,
				E81ACD2A521167671F0A8FE3 /* Pods */,
				5ABF855C6AA36E98E6F55C19 /* Frameworks */,
			);
			sourceTree = "<group>";
		};
		80E59C4B248446B90023CA2D /* Products */ = {
			isa = PBXGroup;
			children = (
				80E59C4A248446B90023CA2D /* CelatoFashion.app */,
				80E59C60248446BC0023CA2D /* CelatoFashionTests.xctest */,
				80E59C6B248446BC0023CA2D /* CelatoFashionUITests.xctest */,
			);
			name = Products;
			sourceTree = "<group>";
		};
		80E59C4C248446B90023CA2D /* CelatoFashion */ = {
			isa = PBXGroup;
			children = (
				6E4DCE9C24D1CC5900850D4E /* Fonts */,
				B0C5261A24C883C4004EBCBD /* Contollers */,
				B0C5261924C88331004EBCBD /* Cells */,
				80E59C4D248446B90023CA2D /* AppDelegate.swift */,
				80E59C4F248446B90023CA2D /* SceneDelegate.swift */,
				80E59C53248446B90023CA2D /* Main.storyboard */,
				B0D6469F24C71DB800E47E73 /* GoogleService-Info.plist */,
				6E4DCF1524D239E500850D4E /* Assets.xcassets */,
				80E59C5B248446BC0023CA2D /* Info.plist */,
				80E59C58248446BC0023CA2D /* LaunchScreen.storyboard */,
				B0B457D824C097610041D272 /* NotProduct.swift */,
			);
			path = CelatoFashion;
			sourceTree = "<group>";
		};
		80E59C63248446BC0023CA2D /* CelatoFashionTests */ = {
			isa = PBXGroup;
			children = (
				80E59C64248446BC0023CA2D /* CelatoFashionTests.swift */,
				80E59C66248446BC0023CA2D /* Info.plist */,
			);
			path = CelatoFashionTests;
			sourceTree = "<group>";
		};
		80E59C6E248446BC0023CA2D /* CelatoFashionUITests */ = {
			isa = PBXGroup;
			children = (
				80E59C6F248446BC0023CA2D /* CelatoFashionUITests.swift */,
				80E59C71248446BC0023CA2D /* Info.plist */,
			);
			path = CelatoFashionUITests;
			sourceTree = "<group>";
		};
		B0C5261924C88331004EBCBD /* Cells */ = {
			isa = PBXGroup;
			children = (
				6EFB214524C666CD0079D2FF /* OrderItemCollectionViewCell.xib */,
				8061F99D248D8D5C00E5705B /* BagItemCollectionViewCell.xib */,
				6EFB214424C666CD0079D2FF /* OrderItemCollectionViewCell.swift */,
				8061F99C248D8D5C00E5705B /* BagItemCollectionViewCell.swift */,
				805B0CA9248C56C40071AD5B /* ItemCollectionViewCell.swift */,
				6EC3E1DE24B4E7FB00D8D355 /* SellCategoryTableViewCell.swift */,
				6EC3E1DF24B4E7FB00D8D355 /* SellCategoryTableViewCell.xib */,
				6E3F638524B5063400C061B9 /* CategoryTableViewCell.swift */,
				6E3F638624B5063400C061B9 /* CategoryTableViewCell.xib */,
				6E3107FB24B939150014F298 /* ShowProductCollectionViewCell.swift */,
				6E3107FC24B939150014F298 /* ShowProductCollectionViewCell.xib */,
				805B0CAA248C56C40071AD5B /* ItemCollectionViewCell.xib */,
				6E4DCE9424D1CB4400850D4E /* OrderCollectionViewCell.swift */,
				6E4DCE9524D1CB4400850D4E /* OrderCollectionViewCell.xib */,
				6E4DCE9824D1CB5800850D4E /* DetailedOrderCollectionViewCell.swift */,
				6E4DCE9924D1CB5800850D4E /* DetailedOrderCollectionViewCell.xib */,
			);
			path = Cells;
			sourceTree = "<group>";
		};
		B0C5261A24C883C4004EBCBD /* Contollers */ = {
			isa = PBXGroup;
			children = (
				80E59C51248446B90023CA2D /* ViewController.swift */,
				6EFB214224C65AF10079D2FF /* CompleteOrderViewController.swift */,
				80CF6303249177A500FDF57E /* RegisterViewController.swift */,
				805B0CA3248C2E760071AD5B /* HomePageViewController.swift */,
				6E6908CA24C1D8DB00ED391C /* CategoryProductsViewController.swift */,
				8061F9A0248DC60500E5705B /* ShowProductViewController.swift */,
				80CF6307249177F700FDF57E /* SearchViewController.swift */,
				80CF63092491782100FDF57E /* CategoryViewController.swift */,
				8061F99A248D8C5D00E5705B /* ShoppingBagViewController.swift */,
				6E00FC2A24CA3DE2004278DF /* PaymentMethodViewController.swift */,
				6E00FC2C24CA3E52004278DF /* UserInformationViewController.swift */,
				6E4DCE9024D1CABF00850D4E /* AccountViewController.swift */,
				6E4DCE9224D1CB0500850D4E /* DetailedOrderViewController.swift */,
			);
			path = Contollers;
			sourceTree = "<group>";
		};
		E81ACD2A521167671F0A8FE3 /* Pods */ = {
			isa = PBXGroup;
			children = (
				0195E77C5CC4BA96B8EFCB99 /* Pods-CelatoFashion.debug.xcconfig */,
				7E723EF5828F8DB3AE774724 /* Pods-CelatoFashion.release.xcconfig */,
				A20D16CB9000F7D38C72F707 /* Pods-CelatoFashion-CelatoFashionUITests.debug.xcconfig */,
				F4F9B2FE72E0D56B730DAAEC /* Pods-CelatoFashion-CelatoFashionUITests.release.xcconfig */,
				351F33C2FC4272FA3B98AC33 /* Pods-CelatoFashionTests.debug.xcconfig */,
				DEB4FA630F6365B8D695DE37 /* Pods-CelatoFashionTests.release.xcconfig */,
			);
			path = Pods;
			sourceTree = "<group>";
		};
/* End PBXGroup section */

/* Begin PBXNativeTarget section */
		80E59C49248446B90023CA2D /* CelatoFashion */ = {
			isa = PBXNativeTarget;
			buildConfigurationList = 80E59C74248446BC0023CA2D /* Build configuration list for PBXNativeTarget "CelatoFashion" */;
			buildPhases = (
				B627483D52FAD671DA50921C /* [CP] Check Pods Manifest.lock */,
				80E59C46248446B90023CA2D /* Sources */,
				80E59C47248446B90023CA2D /* Frameworks */,
				6E64D93124A277B500D2CE8B /* Resources */,
				3206F9F7F09AACDAA78D307A /* [CP] Embed Pods Frameworks */,
			);
			buildRules = (
			);
			dependencies = (
			);
			name = CelatoFashion;
			productName = CelatoFashion;
			productReference = 80E59C4A248446B90023CA2D /* CelatoFashion.app */;
			productType = "com.apple.product-type.application";
		};
		80E59C5F248446BC0023CA2D /* CelatoFashionTests */ = {
			isa = PBXNativeTarget;
			buildConfigurationList = 80E59C77248446BC0023CA2D /* Build configuration list for PBXNativeTarget "CelatoFashionTests" */;
			buildPhases = (
				178AADF1AF6DE6D5190522D9 /* [CP] Check Pods Manifest.lock */,
				80E59C5C248446BC0023CA2D /* Sources */,
				80E59C5D248446BC0023CA2D /* Frameworks */,
				80E59C5E248446BC0023CA2D /* Resources */,
			);
			buildRules = (
			);
			dependencies = (
				80E59C62248446BC0023CA2D /* PBXTargetDependency */,
			);
			name = CelatoFashionTests;
			productName = CelatoFashionTests;
			productReference = 80E59C60248446BC0023CA2D /* CelatoFashionTests.xctest */;
			productType = "com.apple.product-type.bundle.unit-test";
		};
		80E59C6A248446BC0023CA2D /* CelatoFashionUITests */ = {
			isa = PBXNativeTarget;
			buildConfigurationList = 80E59C7A248446BC0023CA2D /* Build configuration list for PBXNativeTarget "CelatoFashionUITests" */;
			buildPhases = (
				11F90E41522E6C59737DC4F5 /* [CP] Check Pods Manifest.lock */,
				80E59C67248446BC0023CA2D /* Sources */,
				80E59C68248446BC0023CA2D /* Frameworks */,
				80E59C69248446BC0023CA2D /* Resources */,
				AA42567E6F4B456F267C0246 /* [CP] Embed Pods Frameworks */,
			);
			buildRules = (
			);
			dependencies = (
				80E59C6D248446BC0023CA2D /* PBXTargetDependency */,
			);
			name = CelatoFashionUITests;
			productName = CelatoFashionUITests;
			productReference = 80E59C6B248446BC0023CA2D /* CelatoFashionUITests.xctest */;
			productType = "com.apple.product-type.bundle.ui-testing";
		};
/* End PBXNativeTarget section */

/* Begin PBXProject section */
		80E59C42248446B90023CA2D /* Project object */ = {
			isa = PBXProject;
			attributes = {
				LastSwiftUpdateCheck = 1140;
				LastUpgradeCheck = 1140;
				ORGANIZATIONNAME = Demet;
				TargetAttributes = {
					80E59C49248446B90023CA2D = {
						CreatedOnToolsVersion = 11.4;
					};
					80E59C5F248446BC0023CA2D = {
						CreatedOnToolsVersion = 11.4;
						TestTargetID = 80E59C49248446B90023CA2D;
					};
					80E59C6A248446BC0023CA2D = {
						CreatedOnToolsVersion = 11.4;
						TestTargetID = 80E59C49248446B90023CA2D;
					};
				};
			};
			buildConfigurationList = 80E59C45248446B90023CA2D /* Build configuration list for PBXProject "CelatoFashion" */;
			compatibilityVersion = "Xcode 9.3";
			developmentRegion = en;
			hasScannedForEncodings = 0;
			knownRegions = (
				en,
				Base,
			);
			mainGroup = 80E59C41248446B90023CA2D;
			productRefGroup = 80E59C4B248446B90023CA2D /* Products */;
			projectDirPath = "";
			projectRoot = "";
			targets = (
				80E59C49248446B90023CA2D /* CelatoFashion */,
				80E59C5F248446BC0023CA2D /* CelatoFashionTests */,
				80E59C6A248446BC0023CA2D /* CelatoFashionUITests */,
			);
		};
/* End PBXProject section */

/* Begin PBXResourcesBuildPhase section */
		6E64D93124A277B500D2CE8B /* Resources */ = {
			isa = PBXResourcesBuildPhase;
			buildActionMask = 2147483647;
			files = (
				6E4DCEE924D1CC7900850D4E /* SF-Compact-Text-Semibold.otf in Resources */,
				6E4DCEF624D1CC7900850D4E /* SF-Compact-Display-Heavy.otf in Resources */,
				6E4DCF0624D1CC7A00850D4E /* SF-Pro-Rounded-Heavy.otf in Resources */,
				6E4DCF0724D1CC7A00850D4E /* SF-Compact-Text-Heavy.otf in Resources */,
				6E4DCF1024D1CC7A00850D4E /* SF-Pro-Display-SemiboldItalic.otf in Resources */,
				6E4DCEF524D1CC7900850D4E /* SF-Compact-Display-Thin.otf in Resources */,
				6E4DCEF224D1CC7900850D4E /* SF-Pro-Rounded-Light.otf in Resources */,
				6E4DCF0F24D1CC7A00850D4E /* SF-Compact-Text-UltralightItalic.otf in Resources */,
				6E4DCEED24D1CC7900850D4E /* SF-Compact-Rounded-Regular.otf in Resources */,
				6E4DCE9724D1CB4400850D4E /* OrderCollectionViewCell.xib in Resources */,
				6E4DCEF324D1CC7900850D4E /* SF-Pro-Display-Light.otf in Resources */,
				6E4DCEE624D1CC7900850D4E /* SF-Pro-Rounded-Regular.otf in Resources */,
				6E4DCF0524D1CC7A00850D4E /* SF-Compact-Text-Light.otf in Resources */,
				6E4DCF0024D1CC7A00850D4E /* SF-Compact-Text-MediumItalic.otf in Resources */,
				6E4DCEFD24D1CC7A00850D4E /* SF-Compact-Text-ThinItalic.otf in Resources */,
				6E4DCF0924D1CC7A00850D4E /* SF-Pro-Display-Heavy.otf in Resources */,
				6E4DCEEA24D1CC7900850D4E /* SF-Compact-Rounded-Medium.otf in Resources */,
				6E4DCEFA24D1CC7A00850D4E /* SF-Compact-Text-Ultralight.otf in Resources */,
				6E4DCF1324D1CC7A00850D4E /* SF-Compact-Display-Medium.otf in Resources */,
				6EFB214724C666CD0079D2FF /* OrderItemCollectionViewCell.xib in Resources */,
				6E4DCEDE24D1CC7900850D4E /* SF-Compact-Text-Thin.otf in Resources */,
				6E4DCEE824D1CC7900850D4E /* SF-Pro-Display-MediumItalic.otf in Resources */,
				6E4DCF0C24D1CC7A00850D4E /* SF-Pro-Display-Black.otf in Resources */,
				6EC3E1E124B4E7FB00D8D355 /* SellCategoryTableViewCell.xib in Resources */,
				6E64D98824A27A8D00D2CE8B /* BagItemCollectionViewCell.xib in Resources */,
				6E64D98724A27A8500D2CE8B /* ItemCollectionViewCell.xib in Resources */,
				6E3F638824B5063400C061B9 /* CategoryTableViewCell.xib in Resources */,
				6E4DCF0424D1CC7A00850D4E /* SF-Compact-Rounded-Bold.otf in Resources */,
				6E3107FE24B939150014F298 /* ShowProductCollectionViewCell.xib in Resources */,
				6E4DCEEF24D1CC7900850D4E /* SF-Compact-Display-Black.otf in Resources */,
				6E4DCF0D24D1CC7A00850D4E /* SF-Compact-Rounded-Thin.otf in Resources */,
				6E4DCEF724D1CC7A00850D4E /* SF-Pro-Display-Semibold.otf in Resources */,
				6E4DCEFF24D1CC7A00850D4E /* SF-Pro-Display-BoldItalic.otf in Resources */,
				6E4DCEE224D1CC7900850D4E /* SF-Pro-Display-LightItalic.otf in Resources */,
				6E4DCEFE24D1CC7A00850D4E /* SF-Compact-Text-SemiboldItalic.otf in Resources */,
				6E4DCF1224D1CC7A00850D4E /* SF-Pro-Display-Medium.otf in Resources */,
				6E4DCEF824D1CC7A00850D4E /* SF-Compact-Text-Regular.otf in Resources */,
				6E4DCEE024D1CC7900850D4E /* SF-Pro-Display-RegularItalic.otf in Resources */,
				6E4DCEE724D1CC7900850D4E /* SF-Compact-Display-Light.otf in Resources */,
				6E4DCEE424D1CC7900850D4E /* SF-Compact-Display-Semibold.otf in Resources */,
				6E4DCE9B24D1CB5800850D4E /* DetailedOrderCollectionViewCell.xib in Resources */,
				6E4DCEEC24D1CC7900850D4E /* SF-Pro-Rounded-Bold.otf in Resources */,
				6E4DCEF024D1CC7900850D4E /* SF-Pro-Display-Thin.otf in Resources */,
				6E4DCF0124D1CC7A00850D4E /* SF-Pro-Display-ThinItalic.otf in Resources */,
				6E64D93524A2789800D2CE8B /* LaunchScreen.storyboard in Resources */,
				6E4DCEE524D1CC7900850D4E /* SF-Compact-Display-Bold.otf in Resources */,
				6E4DCEDA24D1CC7900850D4E /* SF-Pro-Display-HeavyItalic.otf in Resources */,
				6E4DCEFC24D1CC7A00850D4E /* SF-Compact-Display-Ultralight.otf in Resources */,
				6E4DCEEB24D1CC7900850D4E /* SF-Pro-Rounded-Black.otf in Resources */,
				6E4DCEEE24D1CC7900850D4E /* SF-Pro-Display-Ultralight.otf in Resources */,
				6E4DCF0B24D1CC7A00850D4E /* SF-Compact-Text-Medium.otf in Resources */,
				6E4DCEDD24D1CC7900850D4E /* SF-Compact-Text-HeavyItalic.otf in Resources */,
				6E4DCF1624D239E600850D4E /* Assets.xcassets in Resources */,
				6E4DCEDB24D1CC7900850D4E /* SF-Pro-Display-BlackItalic.otf in Resources */,
				B0D646A024C71DB800E47E73 /* GoogleService-Info.plist in Resources */,
				6E4DCEF124D1CC7900850D4E /* SF-Compact-Text-BlackItalic.otf in Resources */,
				6E4DCF0E24D1CC7A00850D4E /* SF-Pro-Rounded-Medium.otf in Resources */,
				6E4DCF1424D1CC7A00850D4E /* SF-Compact-Rounded-Ultralight.otf in Resources */,
				6E4DCF1124D1CC7A00850D4E /* SF-Compact-Text-RegularItalic.otf in Resources */,
				6E4DCEE324D1CC7900850D4E /* SF-Compact-Display-Regular.otf in Resources */,
				6E4DCEDC24D1CC7900850D4E /* SF-Compact-Text-Bold.otf in Resources */,
				6E64D93224A2787700D2CE8B /* Main.storyboard in Resources */,
				6E4DCEE124D1CC7900850D4E /* SF-Compact-Rounded-Light.otf in Resources */,
				6E4DCEDF24D1CC7900850D4E /* SF-Compact-Text-Black.otf in Resources */,
				6E4DCF0A24D1CC7A00850D4E /* SF-Pro-Display-Bold.otf in Resources */,
				6E4DCED924D1CC7900850D4E /* SF-Compact-Text-LightItalic.otf in Resources */,
				6E4DCF0224D1CC7A00850D4E /* SF-Compact-Text-BoldItalic.otf in Resources */,
				6E4DCEF924D1CC7A00850D4E /* SF-Pro-Display-Regular.otf in Resources */,
				6E4DCEF424D1CC7900850D4E /* SF-Pro-Display-UltralightItalic.otf in Resources */,
				6E4DCF0824D1CC7A00850D4E /* SF-Compact-Rounded-Semibold.otf in Resources */,
				6E4DCF0324D1CC7A00850D4E /* SF-Compact-Rounded-Black.otf in Resources */,
				6E4DCEFB24D1CC7A00850D4E /* SF-Compact-Rounded-Heavy.otf in Resources */,
			);
			runOnlyForDeploymentPostprocessing = 0;
		};
		80E59C5E248446BC0023CA2D /* Resources */ = {
			isa = PBXResourcesBuildPhase;
			buildActionMask = 2147483647;
			files = (
			);
			runOnlyForDeploymentPostprocessing = 0;
		};
		80E59C69248446BC0023CA2D /* Resources */ = {
			isa = PBXResourcesBuildPhase;
			buildActionMask = 2147483647;
			files = (
			);
			runOnlyForDeploymentPostprocessing = 0;
		};
/* End PBXResourcesBuildPhase section */

/* Begin PBXShellScriptBuildPhase section */
		11F90E41522E6C59737DC4F5 /* [CP] Check Pods Manifest.lock */ = {
			isa = PBXShellScriptBuildPhase;
			buildActionMask = 2147483647;
			files = (
			);
			inputFileListPaths = (
			);
			inputPaths = (
				"${PODS_PODFILE_DIR_PATH}/Podfile.lock",
				"${PODS_ROOT}/Manifest.lock",
			);
			name = "[CP] Check Pods Manifest.lock";
			outputFileListPaths = (
			);
			outputPaths = (
				"$(DERIVED_FILE_DIR)/Pods-CelatoFashion-CelatoFashionUITests-checkManifestLockResult.txt",
			);
			runOnlyForDeploymentPostprocessing = 0;
			shellPath = /bin/sh;
			shellScript = "diff \"${PODS_PODFILE_DIR_PATH}/Podfile.lock\" \"${PODS_ROOT}/Manifest.lock\" > /dev/null\nif [ $? != 0 ] ; then\n    # print error to STDERR\n    echo \"error: The sandbox is not in sync with the Podfile.lock. Run 'pod install' or update your CocoaPods installation.\" >&2\n    exit 1\nfi\n# This output is used by Xcode 'outputs' to avoid re-running this script phase.\necho \"SUCCESS\" > \"${SCRIPT_OUTPUT_FILE_0}\"\n";
			showEnvVarsInLog = 0;
		};
		178AADF1AF6DE6D5190522D9 /* [CP] Check Pods Manifest.lock */ = {
			isa = PBXShellScriptBuildPhase;
			buildActionMask = 2147483647;
			files = (
			);
			inputFileListPaths = (
			);
			inputPaths = (
				"${PODS_PODFILE_DIR_PATH}/Podfile.lock",
				"${PODS_ROOT}/Manifest.lock",
			);
			name = "[CP] Check Pods Manifest.lock";
			outputFileListPaths = (
			);
			outputPaths = (
				"$(DERIVED_FILE_DIR)/Pods-CelatoFashionTests-checkManifestLockResult.txt",
			);
			runOnlyForDeploymentPostprocessing = 0;
			shellPath = /bin/sh;
			shellScript = "diff \"${PODS_PODFILE_DIR_PATH}/Podfile.lock\" \"${PODS_ROOT}/Manifest.lock\" > /dev/null\nif [ $? != 0 ] ; then\n    # print error to STDERR\n    echo \"error: The sandbox is not in sync with the Podfile.lock. Run 'pod install' or update your CocoaPods installation.\" >&2\n    exit 1\nfi\n# This output is used by Xcode 'outputs' to avoid re-running this script phase.\necho \"SUCCESS\" > \"${SCRIPT_OUTPUT_FILE_0}\"\n";
			showEnvVarsInLog = 0;
		};
		3206F9F7F09AACDAA78D307A /* [CP] Embed Pods Frameworks */ = {
			isa = PBXShellScriptBuildPhase;
			buildActionMask = 2147483647;
			files = (
			);
			inputFileListPaths = (
				"${PODS_ROOT}/Target Support Files/Pods-CelatoFashion/Pods-CelatoFashion-frameworks-${CONFIGURATION}-input-files.xcfilelist",
			);
			name = "[CP] Embed Pods Frameworks";
			outputFileListPaths = (
				"${PODS_ROOT}/Target Support Files/Pods-CelatoFashion/Pods-CelatoFashion-frameworks-${CONFIGURATION}-output-files.xcfilelist",
			);
			runOnlyForDeploymentPostprocessing = 0;
			shellPath = /bin/sh;
			shellScript = "\"${PODS_ROOT}/Target Support Files/Pods-CelatoFashion/Pods-CelatoFashion-frameworks.sh\"\n";
			showEnvVarsInLog = 0;
		};
		AA42567E6F4B456F267C0246 /* [CP] Embed Pods Frameworks */ = {
			isa = PBXShellScriptBuildPhase;
			buildActionMask = 2147483647;
			files = (
			);
			inputFileListPaths = (
				"${PODS_ROOT}/Target Support Files/Pods-CelatoFashion-CelatoFashionUITests/Pods-CelatoFashion-CelatoFashionUITests-frameworks-${CONFIGURATION}-input-files.xcfilelist",
			);
			name = "[CP] Embed Pods Frameworks";
			outputFileListPaths = (
				"${PODS_ROOT}/Target Support Files/Pods-CelatoFashion-CelatoFashionUITests/Pods-CelatoFashion-CelatoFashionUITests-frameworks-${CONFIGURATION}-output-files.xcfilelist",
			);
			runOnlyForDeploymentPostprocessing = 0;
			shellPath = /bin/sh;
			shellScript = "\"${PODS_ROOT}/Target Support Files/Pods-CelatoFashion-CelatoFashionUITests/Pods-CelatoFashion-CelatoFashionUITests-frameworks.sh\"\n";
			showEnvVarsInLog = 0;
		};
		B627483D52FAD671DA50921C /* [CP] Check Pods Manifest.lock */ = {
			isa = PBXShellScriptBuildPhase;
			buildActionMask = 2147483647;
			files = (
			);
			inputFileListPaths = (
			);
			inputPaths = (
				"${PODS_PODFILE_DIR_PATH}/Podfile.lock",
				"${PODS_ROOT}/Manifest.lock",
			);
			name = "[CP] Check Pods Manifest.lock";
			outputFileListPaths = (
			);
			outputPaths = (
				"$(DERIVED_FILE_DIR)/Pods-CelatoFashion-checkManifestLockResult.txt",
			);
			runOnlyForDeploymentPostprocessing = 0;
			shellPath = /bin/sh;
			shellScript = "diff \"${PODS_PODFILE_DIR_PATH}/Podfile.lock\" \"${PODS_ROOT}/Manifest.lock\" > /dev/null\nif [ $? != 0 ] ; then\n    # print error to STDERR\n    echo \"error: The sandbox is not in sync with the Podfile.lock. Run 'pod install' or update your CocoaPods installation.\" >&2\n    exit 1\nfi\n# This output is used by Xcode 'outputs' to avoid re-running this script phase.\necho \"SUCCESS\" > \"${SCRIPT_OUTPUT_FILE_0}\"\n";
			showEnvVarsInLog = 0;
		};
/* End PBXShellScriptBuildPhase section */

/* Begin PBXSourcesBuildPhase section */
		80E59C46248446B90023CA2D /* Sources */ = {
			isa = PBXSourcesBuildPhase;
			buildActionMask = 2147483647;
			files = (
				6E6908CB24C1D8DB00ED391C /* CategoryProductsViewController.swift in Sources */,
				805B0CAB248C56C40071AD5B /* ItemCollectionViewCell.swift in Sources */,
				6E4DCE9624D1CB4400850D4E /* OrderCollectionViewCell.swift in Sources */,
				6E4DCE9124D1CABF00850D4E /* AccountViewController.swift in Sources */,
				6EFB214324C65AF10079D2FF /* CompleteOrderViewController.swift in Sources */,
				6E00FC2B24CA3DE2004278DF /* PaymentMethodViewController.swift in Sources */,
				6E3107FD24B939150014F298 /* ShowProductCollectionViewCell.swift in Sources */,
				80CF6308249177F700FDF57E /* SearchViewController.swift in Sources */,
				6E4DCE9324D1CB0500850D4E /* DetailedOrderViewController.swift in Sources */,
				80CF6304249177A500FDF57E /* RegisterViewController.swift in Sources */,
				6EFB214624C666CD0079D2FF /* OrderItemCollectionViewCell.swift in Sources */,
				805B0CA4248C2E760071AD5B /* HomePageViewController.swift in Sources */,
				80CF630A2491782100FDF57E /* CategoryViewController.swift in Sources */,
				6EC3E1E024B4E7FB00D8D355 /* SellCategoryTableViewCell.swift in Sources */,
				80E59C52248446B90023CA2D /* ViewController.swift in Sources */,
				8061F9A1248DC60500E5705B /* ShowProductViewController.swift in Sources */,
				80E59C4E248446B90023CA2D /* AppDelegate.swift in Sources */,
				6E00FC2D24CA3E52004278DF /* UserInformationViewController.swift in Sources */,
				8061F99E248D8D5C00E5705B /* BagItemCollectionViewCell.swift in Sources */,
				6E3F638724B5063400C061B9 /* CategoryTableViewCell.swift in Sources */,
				B0B457D924C097610041D272 /* NotProduct.swift in Sources */,
				80E59C50248446B90023CA2D /* SceneDelegate.swift in Sources */,
				8061F99B248D8C5D00E5705B /* ShoppingBagViewController.swift in Sources */,
				6E4DCE9A24D1CB5800850D4E /* DetailedOrderCollectionViewCell.swift in Sources */,
			);
			runOnlyForDeploymentPostprocessing = 0;
		};
		80E59C5C248446BC0023CA2D /* Sources */ = {
			isa = PBXSourcesBuildPhase;
			buildActionMask = 2147483647;
			files = (
				80E59C65248446BC0023CA2D /* CelatoFashionTests.swift in Sources */,
			);
			runOnlyForDeploymentPostprocessing = 0;
		};
		80E59C67248446BC0023CA2D /* Sources */ = {
			isa = PBXSourcesBuildPhase;
			buildActionMask = 2147483647;
			files = (
				80E59C70248446BC0023CA2D /* CelatoFashionUITests.swift in Sources */,
			);
			runOnlyForDeploymentPostprocessing = 0;
		};
/* End PBXSourcesBuildPhase section */

/* Begin PBXTargetDependency section */
		80E59C62248446BC0023CA2D /* PBXTargetDependency */ = {
			isa = PBXTargetDependency;
			target = 80E59C49248446B90023CA2D /* CelatoFashion */;
			targetProxy = 80E59C61248446BC0023CA2D /* PBXContainerItemProxy */;
		};
		80E59C6D248446BC0023CA2D /* PBXTargetDependency */ = {
			isa = PBXTargetDependency;
			target = 80E59C49248446B90023CA2D /* CelatoFashion */;
			targetProxy = 80E59C6C248446BC0023CA2D /* PBXContainerItemProxy */;
		};
/* End PBXTargetDependency section */

/* Begin PBXVariantGroup section */
		80E59C53248446B90023CA2D /* Main.storyboard */ = {
			isa = PBXVariantGroup;
			children = (
				80E59C54248446B90023CA2D /* Base */,
			);
			name = Main.storyboard;
			sourceTree = "<group>";
		};
		80E59C58248446BC0023CA2D /* LaunchScreen.storyboard */ = {
			isa = PBXVariantGroup;
			children = (
				80E59C59248446BC0023CA2D /* Base */,
			);
			name = LaunchScreen.storyboard;
			sourceTree = "<group>";
		};
/* End PBXVariantGroup section */

/* Begin XCBuildConfiguration section */
		80E59C72248446BC0023CA2D /* Debug */ = {
			isa = XCBuildConfiguration;
			buildSettings = {
				ALWAYS_SEARCH_USER_PATHS = NO;
				CLANG_ANALYZER_NONNULL = YES;
				CLANG_ANALYZER_NUMBER_OBJECT_CONVERSION = YES_AGGRESSIVE;
				CLANG_CXX_LANGUAGE_STANDARD = "gnu++14";
				CLANG_CXX_LIBRARY = "libc++";
				CLANG_ENABLE_MODULES = YES;
				CLANG_ENABLE_OBJC_ARC = YES;
				CLANG_ENABLE_OBJC_WEAK = YES;
				CLANG_WARN_BLOCK_CAPTURE_AUTORELEASING = YES;
				CLANG_WARN_BOOL_CONVERSION = YES;
				CLANG_WARN_COMMA = YES;
				CLANG_WARN_CONSTANT_CONVERSION = YES;
				CLANG_WARN_DEPRECATED_OBJC_IMPLEMENTATIONS = YES;
				CLANG_WARN_DIRECT_OBJC_ISA_USAGE = YES_ERROR;
				CLANG_WARN_DOCUMENTATION_COMMENTS = YES;
				CLANG_WARN_EMPTY_BODY = YES;
				CLANG_WARN_ENUM_CONVERSION = YES;
				CLANG_WARN_INFINITE_RECURSION = YES;
				CLANG_WARN_INT_CONVERSION = YES;
				CLANG_WARN_NON_LITERAL_NULL_CONVERSION = YES;
				CLANG_WARN_OBJC_IMPLICIT_RETAIN_SELF = YES;
				CLANG_WARN_OBJC_LITERAL_CONVERSION = YES;
				CLANG_WARN_OBJC_ROOT_CLASS = YES_ERROR;
				CLANG_WARN_RANGE_LOOP_ANALYSIS = YES;
				CLANG_WARN_STRICT_PROTOTYPES = YES;
				CLANG_WARN_SUSPICIOUS_MOVE = YES;
				CLANG_WARN_UNGUARDED_AVAILABILITY = YES_AGGRESSIVE;
				CLANG_WARN_UNREACHABLE_CODE = YES;
				CLANG_WARN__DUPLICATE_METHOD_MATCH = YES;
				COPY_PHASE_STRIP = NO;
				DEBUG_INFORMATION_FORMAT = dwarf;
				ENABLE_STRICT_OBJC_MSGSEND = YES;
				ENABLE_TESTABILITY = YES;
				GCC_C_LANGUAGE_STANDARD = gnu11;
				GCC_DYNAMIC_NO_PIC = NO;
				GCC_NO_COMMON_BLOCKS = YES;
				GCC_OPTIMIZATION_LEVEL = 0;
				GCC_PREPROCESSOR_DEFINITIONS = (
					"DEBUG=1",
					"$(inherited)",
				);
				GCC_WARN_64_TO_32_BIT_CONVERSION = YES;
				GCC_WARN_ABOUT_RETURN_TYPE = YES_ERROR;
				GCC_WARN_UNDECLARED_SELECTOR = YES;
				GCC_WARN_UNINITIALIZED_AUTOS = YES_AGGRESSIVE;
				GCC_WARN_UNUSED_FUNCTION = YES;
				GCC_WARN_UNUSED_VARIABLE = YES;
				IPHONEOS_DEPLOYMENT_TARGET = 13.4;
				MTL_ENABLE_DEBUG_INFO = INCLUDE_SOURCE;
				MTL_FAST_MATH = YES;
				ONLY_ACTIVE_ARCH = YES;
				SDKROOT = iphoneos;
				SWIFT_ACTIVE_COMPILATION_CONDITIONS = DEBUG;
				SWIFT_OPTIMIZATION_LEVEL = "-Onone";
			};
			name = Debug;
		};
		80E59C73248446BC0023CA2D /* Release */ = {
			isa = XCBuildConfiguration;
			buildSettings = {
				ALWAYS_SEARCH_USER_PATHS = NO;
				CLANG_ANALYZER_NONNULL = YES;
				CLANG_ANALYZER_NUMBER_OBJECT_CONVERSION = YES_AGGRESSIVE;
				CLANG_CXX_LANGUAGE_STANDARD = "gnu++14";
				CLANG_CXX_LIBRARY = "libc++";
				CLANG_ENABLE_MODULES = YES;
				CLANG_ENABLE_OBJC_ARC = YES;
				CLANG_ENABLE_OBJC_WEAK = YES;
				CLANG_WARN_BLOCK_CAPTURE_AUTORELEASING = YES;
				CLANG_WARN_BOOL_CONVERSION = YES;
				CLANG_WARN_COMMA = YES;
				CLANG_WARN_CONSTANT_CONVERSION = YES;
				CLANG_WARN_DEPRECATED_OBJC_IMPLEMENTATIONS = YES;
				CLANG_WARN_DIRECT_OBJC_ISA_USAGE = YES_ERROR;
				CLANG_WARN_DOCUMENTATION_COMMENTS = YES;
				CLANG_WARN_EMPTY_BODY = YES;
				CLANG_WARN_ENUM_CONVERSION = YES;
				CLANG_WARN_INFINITE_RECURSION = YES;
				CLANG_WARN_INT_CONVERSION = YES;
				CLANG_WARN_NON_LITERAL_NULL_CONVERSION = YES;
				CLANG_WARN_OBJC_IMPLICIT_RETAIN_SELF = YES;
				CLANG_WARN_OBJC_LITERAL_CONVERSION = YES;
				CLANG_WARN_OBJC_ROOT_CLASS = YES_ERROR;
				CLANG_WARN_RANGE_LOOP_ANALYSIS = YES;
				CLANG_WARN_STRICT_PROTOTYPES = YES;
				CLANG_WARN_SUSPICIOUS_MOVE = YES;
				CLANG_WARN_UNGUARDED_AVAILABILITY = YES_AGGRESSIVE;
				CLANG_WARN_UNREACHABLE_CODE = YES;
				CLANG_WARN__DUPLICATE_METHOD_MATCH = YES;
				COPY_PHASE_STRIP = NO;
				DEBUG_INFORMATION_FORMAT = "dwarf-with-dsym";
				ENABLE_NS_ASSERTIONS = NO;
				ENABLE_STRICT_OBJC_MSGSEND = YES;
				GCC_C_LANGUAGE_STANDARD = gnu11;
				GCC_NO_COMMON_BLOCKS = YES;
				GCC_WARN_64_TO_32_BIT_CONVERSION = YES;
				GCC_WARN_ABOUT_RETURN_TYPE = YES_ERROR;
				GCC_WARN_UNDECLARED_SELECTOR = YES;
				GCC_WARN_UNINITIALIZED_AUTOS = YES_AGGRESSIVE;
				GCC_WARN_UNUSED_FUNCTION = YES;
				GCC_WARN_UNUSED_VARIABLE = YES;
				IPHONEOS_DEPLOYMENT_TARGET = 13.4;
				MTL_ENABLE_DEBUG_INFO = NO;
				MTL_FAST_MATH = YES;
				SDKROOT = iphoneos;
				SWIFT_COMPILATION_MODE = wholemodule;
				SWIFT_OPTIMIZATION_LEVEL = "-O";
				VALIDATE_PRODUCT = YES;
			};
			name = Release;
		};
		80E59C75248446BC0023CA2D /* Debug */ = {
			isa = XCBuildConfiguration;
			baseConfigurationReference = 0195E77C5CC4BA96B8EFCB99 /* Pods-CelatoFashion.debug.xcconfig */;
			buildSettings = {
				ASSETCATALOG_COMPILER_APPICON_NAME = AppIcon;
				CODE_SIGN_STYLE = Automatic;
				DEVELOPMENT_TEAM = HYLPC9864S;
				INFOPLIST_FILE = CelatoFashion/Info.plist;
				IPHONEOS_DEPLOYMENT_TARGET = 12.4;
				LD_RUNPATH_SEARCH_PATHS = (
					"$(inherited)",
					"@executable_path/Frameworks",
				);
				PRODUCT_BUNDLE_IDENTIFIER = com.kaanmertkoc.CelatoFashionV2;
				PRODUCT_NAME = "$(TARGET_NAME)";
				SWIFT_VERSION = 5.0;
				TARGETED_DEVICE_FAMILY = "1,2";
			};
			name = Debug;
		};
		80E59C76248446BC0023CA2D /* Release */ = {
			isa = XCBuildConfiguration;
			baseConfigurationReference = 7E723EF5828F8DB3AE774724 /* Pods-CelatoFashion.release.xcconfig */;
			buildSettings = {
				ASSETCATALOG_COMPILER_APPICON_NAME = AppIcon;
				CODE_SIGN_STYLE = Automatic;
				DEVELOPMENT_TEAM = HYLPC9864S;
				INFOPLIST_FILE = CelatoFashion/Info.plist;
				IPHONEOS_DEPLOYMENT_TARGET = 12.4;
				LD_RUNPATH_SEARCH_PATHS = (
					"$(inherited)",
					"@executable_path/Frameworks",
				);
				PRODUCT_BUNDLE_IDENTIFIER = com.kaanmertkoc.CelatoFashionV2;
				PRODUCT_NAME = "$(TARGET_NAME)";
				SWIFT_VERSION = 5.0;
				TARGETED_DEVICE_FAMILY = "1,2";
			};
			name = Release;
		};
		80E59C78248446BC0023CA2D /* Debug */ = {
			isa = XCBuildConfiguration;
			baseConfigurationReference = 351F33C2FC4272FA3B98AC33 /* Pods-CelatoFashionTests.debug.xcconfig */;
			buildSettings = {
				ALWAYS_EMBED_SWIFT_STANDARD_LIBRARIES = YES;
				BUNDLE_LOADER = "$(TEST_HOST)";
				CODE_SIGN_STYLE = Automatic;
				INFOPLIST_FILE = CelatoFashionTests/Info.plist;
				IPHONEOS_DEPLOYMENT_TARGET = 13.4;
				LD_RUNPATH_SEARCH_PATHS = (
					"$(inherited)",
					"@executable_path/Frameworks",
					"@loader_path/Frameworks",
				);
				PRODUCT_BUNDLE_IDENTIFIER = com.demetcaliskan.CelatoFashionTests;
				PRODUCT_NAME = "$(TARGET_NAME)";
				SWIFT_VERSION = 5.0;
				TARGETED_DEVICE_FAMILY = "1,2";
				TEST_HOST = "$(BUILT_PRODUCTS_DIR)/CelatoFashion.app/CelatoFashion";
			};
			name = Debug;
		};
		80E59C79248446BC0023CA2D /* Release */ = {
			isa = XCBuildConfiguration;
			baseConfigurationReference = DEB4FA630F6365B8D695DE37 /* Pods-CelatoFashionTests.release.xcconfig */;
			buildSettings = {
				ALWAYS_EMBED_SWIFT_STANDARD_LIBRARIES = YES;
				BUNDLE_LOADER = "$(TEST_HOST)";
				CODE_SIGN_STYLE = Automatic;
				INFOPLIST_FILE = CelatoFashionTests/Info.plist;
				IPHONEOS_DEPLOYMENT_TARGET = 13.4;
				LD_RUNPATH_SEARCH_PATHS = (
					"$(inherited)",
					"@executable_path/Frameworks",
					"@loader_path/Frameworks",
				);
				PRODUCT_BUNDLE_IDENTIFIER = com.demetcaliskan.CelatoFashionTests;
				PRODUCT_NAME = "$(TARGET_NAME)";
				SWIFT_VERSION = 5.0;
				TARGETED_DEVICE_FAMILY = "1,2";
				TEST_HOST = "$(BUILT_PRODUCTS_DIR)/CelatoFashion.app/CelatoFashion";
			};
			name = Release;
		};
		80E59C7B248446BC0023CA2D /* Debug */ = {
			isa = XCBuildConfiguration;
			baseConfigurationReference = A20D16CB9000F7D38C72F707 /* Pods-CelatoFashion-CelatoFashionUITests.debug.xcconfig */;
			buildSettings = {
				ALWAYS_EMBED_SWIFT_STANDARD_LIBRARIES = YES;
				CODE_SIGN_STYLE = Automatic;
				INFOPLIST_FILE = CelatoFashionUITests/Info.plist;
				LD_RUNPATH_SEARCH_PATHS = (
					"$(inherited)",
					"@executable_path/Frameworks",
					"@loader_path/Frameworks",
				);
				PRODUCT_BUNDLE_IDENTIFIER = com.demetcaliskan.CelatoFashionUITests;
				PRODUCT_NAME = "$(TARGET_NAME)";
				SWIFT_VERSION = 5.0;
				TARGETED_DEVICE_FAMILY = "1,2";
				TEST_TARGET_NAME = CelatoFashion;
			};
			name = Debug;
		};
		80E59C7C248446BC0023CA2D /* Release */ = {
			isa = XCBuildConfiguration;
			baseConfigurationReference = F4F9B2FE72E0D56B730DAAEC /* Pods-CelatoFashion-CelatoFashionUITests.release.xcconfig */;
			buildSettings = {
				ALWAYS_EMBED_SWIFT_STANDARD_LIBRARIES = YES;
				CODE_SIGN_STYLE = Automatic;
				INFOPLIST_FILE = CelatoFashionUITests/Info.plist;
				LD_RUNPATH_SEARCH_PATHS = (
					"$(inherited)",
					"@executable_path/Frameworks",
					"@loader_path/Frameworks",
				);
				PRODUCT_BUNDLE_IDENTIFIER = com.demetcaliskan.CelatoFashionUITests;
				PRODUCT_NAME = "$(TARGET_NAME)";
				SWIFT_VERSION = 5.0;
				TARGETED_DEVICE_FAMILY = "1,2";
				TEST_TARGET_NAME = CelatoFashion;
			};
			name = Release;
		};
/* End XCBuildConfiguration section */

/* Begin XCConfigurationList section */
		80E59C45248446B90023CA2D /* Build configuration list for PBXProject "CelatoFashion" */ = {
			isa = XCConfigurationList;
			buildConfigurations = (
				80E59C72248446BC0023CA2D /* Debug */,
				80E59C73248446BC0023CA2D /* Release */,
			);
			defaultConfigurationIsVisible = 0;
			defaultConfigurationName = Release;
		};
		80E59C74248446BC0023CA2D /* Build configuration list for PBXNativeTarget "CelatoFashion" */ = {
			isa = XCConfigurationList;
			buildConfigurations = (
				80E59C75248446BC0023CA2D /* Debug */,
				80E59C76248446BC0023CA2D /* Release */,
			);
			defaultConfigurationIsVisible = 0;
			defaultConfigurationName = Release;
		};
		80E59C77248446BC0023CA2D /* Build configuration list for PBXNativeTarget "CelatoFashionTests" */ = {
			isa = XCConfigurationList;
			buildConfigurations = (
				80E59C78248446BC0023CA2D /* Debug */,
				80E59C79248446BC0023CA2D /* Release */,
			);
			defaultConfigurationIsVisible = 0;
			defaultConfigurationName = Release;
		};
		80E59C7A248446BC0023CA2D /* Build configuration list for PBXNativeTarget "CelatoFashionUITests" */ = {
			isa = XCConfigurationList;
			buildConfigurations = (
				80E59C7B248446BC0023CA2D /* Debug */,
				80E59C7C248446BC0023CA2D /* Release */,
			);
			defaultConfigurationIsVisible = 0;
			defaultConfigurationName = Release;
		};
/* End XCConfigurationList section */
	};
	rootObject = 80E59C42248446B90023CA2D /* Project object */;
}
